// !$*UTF8*$!
{
	archiveVersion = 1;
	classes = {
	};
	objectVersion = 46;
	objects = {

/* Begin PBXBuildFile section */
		0207DA581B56EA530066E2B4 /* Images.xcassets in Resources */ = {isa = PBXBuildFile; fileRef = 0207DA571B56EA530066E2B4 /* Images.xcassets */; };
		03892910C45B408699B0E054 /* GCDWebServerMultiPartFormRequest.m in Sources */ = {isa = PBXBuildFile; fileRef = 23CFA93BDD5741D3B168FCA4 /* GCDWebServerMultiPartFormRequest.m */; };
		122232709B054908AF32D9DA /* CoreTelephony.framework in Frameworks */ = {isa = PBXBuildFile; fileRef = E269F41FA1784BC0BC09A79F /* CoreTelephony.framework */; };
		18E70B7349274466A8D1A86B /* GCDWebServerStreamedResponse.m in Sources */ = {isa = PBXBuildFile; fileRef = 11A54D7F8C9B40FC879C0820 /* GCDWebServerStreamedResponse.m */; };
		1D3623260D0F684500981E51 /* AppDelegate.m in Sources */ = {isa = PBXBuildFile; fileRef = 1D3623250D0F684500981E51 /* AppDelegate.m */; };
		1D60589B0D05DD56006BFB54 /* main.m in Sources */ = {isa = PBXBuildFile; fileRef = 29B97316FDCFA39411CA2CEA /* main.m */; };
		21DD56B9ED964EB2BA9AD9EC /* CDVReachability.m in Sources */ = {isa = PBXBuildFile; fileRef = 1C45DD41950640B2990282AA /* CDVReachability.m */; };
		272B2A4E97AF4BA4A7FF3AAE /* ImageResizer.m in Sources */ = {isa = PBXBuildFile; fileRef = A62D1D8EB31A4E9E9D4422DB /* ImageResizer.m */; };
		28B272F227954102B81DA4DB /* CDVCamera.m in Sources */ = {isa = PBXBuildFile; fileRef = F9A9659F7A304903861613AD /* CDVCamera.m */; };
		2AFBC8225BDF4F7DB5B86ECB /* Social.framework in Frameworks */ = {isa = PBXBuildFile; fileRef = ECAC8364230A451FA239354E /* Social.framework */; settings = {ATTRIBUTES = (Weak, ); }; };
		2E6ECCA80DA34D9C80FEAB40 /* libz.tbd in Frameworks */ = {isa = PBXBuildFile; fileRef = D92FF58F79F542A3836C3429 /* libz.tbd */; };
		301BF552109A68D80062928A /* libCordova.a in Frameworks */ = {isa = PBXBuildFile; fileRef = 301BF535109A57CC0062928A /* libCordova.a */; };
		302D95F114D2391D003F00A1 /* MainViewController.m in Sources */ = {isa = PBXBuildFile; fileRef = 302D95EF14D2391D003F00A1 /* MainViewController.m */; };
		302D95F214D2391D003F00A1 /* MainViewController.xib in Resources */ = {isa = PBXBuildFile; fileRef = 302D95F014D2391D003F00A1 /* MainViewController.xib */; };
		3C0FD77516E141B2BE519F32 /* PSPDFThreadSafeMutableDictionary.m in Sources */ = {isa = PBXBuildFile; fileRef = 9FF0158A13464F47AC2BB443 /* PSPDFThreadSafeMutableDictionary.m */; settings = {COMPILER_FLAGS = "-w"; }; };
		405698FE229241D3AE123F4B /* GCDWebServerDataRequest.m in Sources */ = {isa = PBXBuildFile; fileRef = F6ED3367F4994A9F8C9BF55A /* GCDWebServerDataRequest.m */; };
		4592BEDD44184540A8DB82E8 /* AppDelegate+nativepagetransitions.m in Sources */ = {isa = PBXBuildFile; fileRef = B5DA1E852E7842B2A75B4CB8 /* AppDelegate+nativepagetransitions.m */; };
		4659063B12DB42DFBF06887B /* ImageIO.framework in Frameworks */ = {isa = PBXBuildFile; fileRef = 31E656B75A374C56BB930BF2 /* ImageIO.framework */; settings = {ATTRIBUTES = (Weak, ); }; };
		481D6339EAD84BF9A2B47B0D /* CDVConnection.m in Sources */ = {isa = PBXBuildFile; fileRef = ED9C854E811348BFA358A4A2 /* CDVConnection.m */; };
		5021106286C145DF95BBB8B1 /* CDVWKWebViewUIDelegate.m in Sources */ = {isa = PBXBuildFile; fileRef = 1EB02735B28B470AA1AA968E /* CDVWKWebViewUIDelegate.m */; };
		580B71B7F7C742AFB7239230 /* CDVViewController+SplashScreen.m in Sources */ = {isa = PBXBuildFile; fileRef = 23433A0BCE8C4BCA8AF7FE72 /* CDVViewController+SplashScreen.m */; };
		606B41BEE47042E489DB951F /* CDVOrientation.m in Sources */ = {isa = PBXBuildFile; fileRef = 0009CACEC03B4C779FF656D8 /* CDVOrientation.m */; };
		62F8883BD77842B6A191B3DF /* SocialSharing.m in Sources */ = {isa = PBXBuildFile; fileRef = CCF80520A01B435D9C11D7B9 /* SocialSharing.m */; };
		65C79254B2CC498EAEB57A1C /* sqlite3.c in Sources */ = {isa = PBXBuildFile; fileRef = 1AB181B41B1443A4A2947034 /* sqlite3.c */; settings = {COMPILER_FLAGS = "-w -DSQLITE_THREADSAFE=1 -DSQLITE_DEFAULT_SYNCHRONOUS=3 -DSQLITE_DEFAULT_MEMSTATUS=0 -DSQLITE_OMIT_DECLTYPE -DSQLITE_OMIT_DEPRECATED -DSQLITE_OMIT_PROGRESS_CALLBACK -DSQLITE_OMIT_SHARED_CACHE -DSQLITE_TEMP_STORE=2 -DSQLITE_OMIT_LOAD_EXTENSION -DSQLITE_ENABLE_FTS3 -DSQLITE_ENABLE_FTS3_PARENTHESIS -DSQLITE_ENABLE_FTS4 -DSQLITE_ENABLE_RTREE -DSQLITE_DEFAULT_PAGE_SIZE=1024 -DSQLITE_DEFAULT_CACHE_SIZE=2000"; }; };
		6AFF5BF91D6E424B00AB3073 /* CDVLaunchScreen.storyboard in Resources */ = {isa = PBXBuildFile; fileRef = 6AFF5BF81D6E424B00AB3073 /* CDVLaunchScreen.storyboard */; };
		6B620DEBEBBD4B328251E321 /* NativePageTransitions.m in Sources */ = {isa = PBXBuildFile; fileRef = 0A181899688C4BB3A9841095 /* NativePageTransitions.m */; };
		6BFF81B6583C4631A6D49A74 /* GCDWebServerFunctions.m in Sources */ = {isa = PBXBuildFile; fileRef = EF64BCFAFB654C47948711E4 /* GCDWebServerFunctions.m */; };
		705F09C9A7FC446EAA040671 /* CDVFileTransfer.m in Sources */ = {isa = PBXBuildFile; fileRef = 159BECB10700476BB5809618 /* CDVFileTransfer.m */; };
		715725C122054FD9AB267096 /* CDVStatusBar.m in Sources */ = {isa = PBXBuildFile; fileRef = 86364263FC994CB8907E4299 /* CDVStatusBar.m */; };
		786D7CC205D54ED1B45BDCC5 /* GCDWebServerURLEncodedFormRequest.m in Sources */ = {isa = PBXBuildFile; fileRef = 308D0997305A4D7E81377E1B /* GCDWebServerURLEncodedFormRequest.m */; };
		7A8BAD7A76824278BFAAFABE /* SQLitePlugin.m in Sources */ = {isa = PBXBuildFile; fileRef = E125C6CA93904EA88F03657E /* SQLitePlugin.m */; };
		819D93695B814518B6B53F1D /* CDVDevice.m in Sources */ = {isa = PBXBuildFile; fileRef = 904F89B9CE964229AA8A460A /* CDVDevice.m */; };
		94107F0EF77046DCB5F3E81C /* GCDWebServerResponse.m in Sources */ = {isa = PBXBuildFile; fileRef = 94AFAAFD926A4C57A74E717C /* GCDWebServerResponse.m */; };
		97B0536F3FFE4FAC85A871D0 /* CDVWKWebViewEngine.m in Sources */ = {isa = PBXBuildFile; fileRef = DFEAB4B39FFA4E788515E735 /* CDVWKWebViewEngine.m */; };
		99BD6B49718E458DA33BDB95 /* CDVIonicKeyboard.m in Sources */ = {isa = PBXBuildFile; fileRef = A63B95D96ECC4E4BB64197C2 /* CDVIonicKeyboard.m */; };
		9F51F4CDEA6F49109B9E58F1 /* NSString+SSURLEncoding.m in Sources */ = {isa = PBXBuildFile; fileRef = 1468992052B34013BB77F61B /* NSString+SSURLEncoding.m */; };
		A2C1E564DC6E4BE08C019740 /* GCDWebServerErrorResponse.m in Sources */ = {isa = PBXBuildFile; fileRef = 45473A4E1F9445469D2D5FE3 /* GCDWebServerErrorResponse.m */; };
		B3933FF1FFE84028969862B6 /* GCDWebServer.m in Sources */ = {isa = PBXBuildFile; fileRef = EAA1B2D1A87347E59A685FE9 /* GCDWebServer.m */; };
		B5C28218E528496294640E94 /* CDVLocalFilesystem.m in Sources */ = {isa = PBXBuildFile; fileRef = 17B4758D3BE04E99B62569AA /* CDVLocalFilesystem.m */; };
		B60C9237A93F4034BF319928 /* MessageUI.framework in Frameworks */ = {isa = PBXBuildFile; fileRef = 5FB1AACCB489412497E9BF64 /* MessageUI.framework */; settings = {ATTRIBUTES = (Weak, ); }; };
		B60D38BB5BB84BE2B5BAB97B /* CDVSplashScreen.m in Sources */ = {isa = PBXBuildFile; fileRef = 0AD5B02EEFBB4CCA8D655D32 /* CDVSplashScreen.m */; };
		BB0F82B84EB44C4A8AEAD132 /* CDVInAppBrowser.m in Sources */ = {isa = PBXBuildFile; fileRef = 7DAB6B33B17F4AB98A561C67 /* CDVInAppBrowser.m */; };
		BC286603B0EA49E2B8F72126 /* CDVWKProcessPoolFactory.m in Sources */ = {isa = PBXBuildFile; fileRef = 0C7420B5CEF24FD592BB1504 /* CDVWKProcessPoolFactory.m */; };
		BCA769F1417F4216ABA1F3AF /* GCDWebServerRequest.m in Sources */ = {isa = PBXBuildFile; fileRef = E0C48EA798384A6B86615F7E /* GCDWebServerRequest.m */; };
		BCFDC59D72C34FD2AF3E5AA6 /* CDVLocation.m in Sources */ = {isa = PBXBuildFile; fileRef = C3D82E4509C94B5B8016B1E2 /* CDVLocation.m */; };
		BF92DCF2FAD04FE8BB6495A9 /* UIImage+CropScaleOrientation.m in Sources */ = {isa = PBXBuildFile; fileRef = DEE0BC8E735E4E19B2468665 /* UIImage+CropScaleOrientation.m */; };
		C7012C7766D74D9B9DE6D8D4 /* GCDWebServerConnection.m in Sources */ = {isa = PBXBuildFile; fileRef = C4CE774A2BC34BB198D7479E /* GCDWebServerConnection.m */; };
		C9A8B3CA79084A5FBCBC91D4 /* GCDWebServerFileResponse.m in Sources */ = {isa = PBXBuildFile; fileRef = B4C0DC0764EE4B7191352179 /* GCDWebServerFileResponse.m */; };
		CC19995B580544D3919372D1 /* PhotoViewer.m in Sources */ = {isa = PBXBuildFile; fileRef = 66DD4B9C0DEE48E4BDB3E227 /* PhotoViewer.m */; };
		CD5768D5FE5E4EC190896F9C /* WebKit.framework in Frameworks */ = {isa = PBXBuildFile; fileRef = 4D719774C1CD43179CE079B5 /* WebKit.framework */; settings = {ATTRIBUTES = (Weak, ); }; };
		D4B14CCDC1B14B2590C83DC4 /* AVFoundation.framework in Frameworks */ = {isa = PBXBuildFile; fileRef = E1B11AC3CAD341FD903475FC /* AVFoundation.framework */; };
		DA91239305E74CFEA7293225 /* CDVFile.m in Sources */ = {isa = PBXBuildFile; fileRef = A1A91CD7F10042979AFC12D5 /* CDVFile.m */; };
		E8C2854A217643658F151848 /* CDVJpegHeaderWriter.m in Sources */ = {isa = PBXBuildFile; fileRef = B5674E1696C04DE0B123946E /* CDVJpegHeaderWriter.m */; };
		EA8CA4D42AD84F7AA049E4F8 /* SystemConfiguration.framework in Frameworks */ = {isa = PBXBuildFile; fileRef = 25DA6FAE7A744BB190D5C3BA /* SystemConfiguration.framework */; settings = {ATTRIBUTES = (Weak, ); }; };
		ED13EF1008C34B87966DAEDA /* GCDWebServerFileRequest.m in Sources */ = {isa = PBXBuildFile; fileRef = E84BC9CFA60F4A08A6B3EA1C /* GCDWebServerFileRequest.m */; };
		EDCA64281BE2403E9179FBB2 /* CoreLocation.framework in Frameworks */ = {isa = PBXBuildFile; fileRef = 7E94C419369044BDB4907910 /* CoreLocation.framework */; };
		F43C7520411342B0BB619A2B /* GCDWebServerDataResponse.m in Sources */ = {isa = PBXBuildFile; fileRef = 8FF1102EC05343388BBDB084 /* GCDWebServerDataResponse.m */; };
		F96B8623454E40B1B0190686 /* CDVAssetLibraryFilesystem.m in Sources */ = {isa = PBXBuildFile; fileRef = FA3B159178974B149829941D /* CDVAssetLibraryFilesystem.m */; };
/* End PBXBuildFile section */

/* Begin PBXContainerItemProxy section */
		301BF534109A57CC0062928A /* PBXContainerItemProxy */ = {
			isa = PBXContainerItemProxy;
			containerPortal = 301BF52D109A57CC0062928A /* CordovaLib/CordovaLib.xcodeproj */;
			proxyType = 2;
			remoteGlobalIDString = D2AAC07E0554694100DB518D;
			remoteInfo = CordovaLib;
		};
		301BF550109A68C00062928A /* PBXContainerItemProxy */ = {
			isa = PBXContainerItemProxy;
			containerPortal = 301BF52D109A57CC0062928A /* CordovaLib/CordovaLib.xcodeproj */;
			proxyType = 1;
			remoteGlobalIDString = D2AAC07D0554694100DB518D;
			remoteInfo = CordovaLib;
		};
		3E0BCE8621E379AC008C30D3 /* PBXContainerItemProxy */ = {
			isa = PBXContainerItemProxy;
			containerPortal = 301BF52D109A57CC0062928A /* CordovaLib/CordovaLib.xcodeproj */;
			proxyType = 2;
			remoteGlobalIDString = C0C01EB21E3911D50056E6CB;
			remoteInfo = Cordova;
		};
/* End PBXContainerItemProxy section */

/* Begin PBXFileReference section */
		0009CACEC03B4C779FF656D8 /* CDVOrientation.m */ = {isa = PBXFileReference; explicitFileType = undefined; fileEncoding = 4; includeInIndex = 0; lastKnownFileType = sourcecode.c.objc; name = CDVOrientation.m; path = "cordova-plugin-screen-orientation/CDVOrientation.m"; sourceTree = "<group>"; };
		0184816601E84A97BFC8B365 /* CDVWKWebViewUIDelegate.h */ = {isa = PBXFileReference; explicitFileType = undefined; fileEncoding = 4; includeInIndex = 0; lastKnownFileType = sourcecode.c.h; name = CDVWKWebViewUIDelegate.h; path = "cordova-plugin-ionic-webview/CDVWKWebViewUIDelegate.h"; sourceTree = "<group>"; };
		0207DA571B56EA530066E2B4 /* Images.xcassets */ = {isa = PBXFileReference; lastKnownFileType = folder.assetcatalog; name = Images.xcassets; path = NewsAge/Images.xcassets; sourceTree = SOURCE_ROOT; };
		03C440C758CB4A5EA7535870 /* PSPDFThreadSafeMutableDictionary.h */ = {isa = PBXFileReference; explicitFileType = undefined; fileEncoding = 4; includeInIndex = 0; lastKnownFileType = sourcecode.c.h; name = PSPDFThreadSafeMutableDictionary.h; path = "cordova-sqlite-storage/PSPDFThreadSafeMutableDictionary.h"; sourceTree = "<group>"; };
		0A181899688C4BB3A9841095 /* NativePageTransitions.m */ = {isa = PBXFileReference; explicitFileType = undefined; fileEncoding = 4; includeInIndex = 0; lastKnownFileType = sourcecode.c.objc; name = NativePageTransitions.m; path = com.telerik.plugins.nativepagetransitions/NativePageTransitions.m; sourceTree = "<group>"; };
		0AD5B02EEFBB4CCA8D655D32 /* CDVSplashScreen.m */ = {isa = PBXFileReference; explicitFileType = undefined; fileEncoding = 4; includeInIndex = 0; lastKnownFileType = sourcecode.c.objc; name = CDVSplashScreen.m; path = "cordova-plugin-splashscreen/CDVSplashScreen.m"; sourceTree = "<group>"; };
		0C7420B5CEF24FD592BB1504 /* CDVWKProcessPoolFactory.m */ = {isa = PBXFileReference; explicitFileType = undefined; fileEncoding = 4; includeInIndex = 0; lastKnownFileType = sourcecode.c.objc; name = CDVWKProcessPoolFactory.m; path = "cordova-plugin-ionic-webview/CDVWKProcessPoolFactory.m"; sourceTree = "<group>"; };
		113FAA613C404E41A4F98053 /* GCDWebServerURLEncodedFormRequest.h */ = {isa = PBXFileReference; explicitFileType = undefined; fileEncoding = 4; includeInIndex = 0; lastKnownFileType = sourcecode.c.h; name = GCDWebServerURLEncodedFormRequest.h; path = "cordova-plugin-ionic-webview/GCDWebServerURLEncodedFormRequest.h"; sourceTree = "<group>"; };
		11A54D7F8C9B40FC879C0820 /* GCDWebServerStreamedResponse.m */ = {isa = PBXFileReference; explicitFileType = undefined; fileEncoding = 4; includeInIndex = 0; lastKnownFileType = sourcecode.c.objc; name = GCDWebServerStreamedResponse.m; path = "cordova-plugin-ionic-webview/GCDWebServerStreamedResponse.m"; sourceTree = "<group>"; };
		13C6D007080E41D8BC2CD115 /* GCDWebServerConnection.h */ = {isa = PBXFileReference; explicitFileType = undefined; fileEncoding = 4; includeInIndex = 0; lastKnownFileType = sourcecode.c.h; name = GCDWebServerConnection.h; path = "cordova-plugin-ionic-webview/GCDWebServerConnection.h"; sourceTree = "<group>"; };
		1468992052B34013BB77F61B /* NSString+SSURLEncoding.m */ = {isa = PBXFileReference; explicitFileType = undefined; fileEncoding = 4; includeInIndex = 0; lastKnownFileType = sourcecode.c.objc; name = "NSString+SSURLEncoding.m"; path = "cordova-plugin-x-socialsharing/NSString+SSURLEncoding.m"; sourceTree = "<group>"; };
		159BECB10700476BB5809618 /* CDVFileTransfer.m */ = {isa = PBXFileReference; explicitFileType = undefined; fileEncoding = 4; includeInIndex = 0; lastKnownFileType = sourcecode.c.objc; name = CDVFileTransfer.m; path = "cordova-plugin-file-transfer/CDVFileTransfer.m"; sourceTree = "<group>"; };
		17B4758D3BE04E99B62569AA /* CDVLocalFilesystem.m */ = {isa = PBXFileReference; explicitFileType = undefined; fileEncoding = 4; includeInIndex = 0; lastKnownFileType = sourcecode.c.objc; name = CDVLocalFilesystem.m; path = "cordova-plugin-file/CDVLocalFilesystem.m"; sourceTree = "<group>"; };
		1AB181B41B1443A4A2947034 /* sqlite3.c */ = {isa = PBXFileReference; explicitFileType = undefined; fileEncoding = 9; includeInIndex = 0; lastKnownFileType = unknown; name = sqlite3.c; path = "cordova-sqlite-storage/sqlite3.c"; sourceTree = "<group>"; };
		1C45DD41950640B2990282AA /* CDVReachability.m */ = {isa = PBXFileReference; explicitFileType = undefined; fileEncoding = 4; includeInIndex = 0; lastKnownFileType = sourcecode.c.objc; name = CDVReachability.m; path = "cordova-plugin-network-information/CDVReachability.m"; sourceTree = "<group>"; };
		1D3623240D0F684500981E51 /* AppDelegate.h */ = {isa = PBXFileReference; fileEncoding = 4; lastKnownFileType = sourcecode.c.h; path = AppDelegate.h; sourceTree = "<group>"; };
		1D3623250D0F684500981E51 /* AppDelegate.m */ = {isa = PBXFileReference; fileEncoding = 4; lastKnownFileType = sourcecode.c.objc; path = AppDelegate.m; sourceTree = "<group>"; };
		1D6058910D05DD3D006BFB54 /* NewsAge.app */ = {isa = PBXFileReference; explicitFileType = wrapper.application; includeInIndex = 0; path = NewsAge.app; sourceTree = BUILT_PRODUCTS_DIR; };
		1EB02735B28B470AA1AA968E /* CDVWKWebViewUIDelegate.m */ = {isa = PBXFileReference; explicitFileType = undefined; fileEncoding = 4; includeInIndex = 0; lastKnownFileType = sourcecode.c.objc; name = CDVWKWebViewUIDelegate.m; path = "cordova-plugin-ionic-webview/CDVWKWebViewUIDelegate.m"; sourceTree = "<group>"; };
		1F51D4310AE647F0BE36BB68 /* SQLitePlugin.h */ = {isa = PBXFileReference; explicitFileType = undefined; fileEncoding = 4; includeInIndex = 0; lastKnownFileType = sourcecode.c.h; name = SQLitePlugin.h; path = "cordova-sqlite-storage/SQLitePlugin.h"; sourceTree = "<group>"; };
		2044A7398455499587954C53 /* GCDWebServerErrorResponse.h */ = {isa = PBXFileReference; explicitFileType = undefined; fileEncoding = 4; includeInIndex = 0; lastKnownFileType = sourcecode.c.h; name = GCDWebServerErrorResponse.h; path = "cordova-plugin-ionic-webview/GCDWebServerErrorResponse.h"; sourceTree = "<group>"; };
		23433A0BCE8C4BCA8AF7FE72 /* CDVViewController+SplashScreen.m */ = {isa = PBXFileReference; explicitFileType = undefined; fileEncoding = 4; includeInIndex = 0; lastKnownFileType = sourcecode.c.objc; name = "CDVViewController+SplashScreen.m"; path = "cordova-plugin-splashscreen/CDVViewController+SplashScreen.m"; sourceTree = "<group>"; };
		23CFA93BDD5741D3B168FCA4 /* GCDWebServerMultiPartFormRequest.m */ = {isa = PBXFileReference; explicitFileType = undefined; fileEncoding = 4; includeInIndex = 0; lastKnownFileType = sourcecode.c.objc; name = GCDWebServerMultiPartFormRequest.m; path = "cordova-plugin-ionic-webview/GCDWebServerMultiPartFormRequest.m"; sourceTree = "<group>"; };
		24328C49AC2A438996DB695F /* CDVInAppBrowser.h */ = {isa = PBXFileReference; explicitFileType = undefined; fileEncoding = 4; includeInIndex = 0; lastKnownFileType = sourcecode.c.h; name = CDVInAppBrowser.h; path = "cordova-plugin-inappbrowser/CDVInAppBrowser.h"; sourceTree = "<group>"; };
		2550642A21304CDCB6EAA7E8 /* CDVAssetLibraryFilesystem.h */ = {isa = PBXFileReference; explicitFileType = undefined; fileEncoding = 4; includeInIndex = 0; lastKnownFileType = sourcecode.c.h; name = CDVAssetLibraryFilesystem.h; path = "cordova-plugin-file/CDVAssetLibraryFilesystem.h"; sourceTree = "<group>"; };
		25DA6FAE7A744BB190D5C3BA /* SystemConfiguration.framework */ = {isa = PBXFileReference; explicitFileType = undefined; fileEncoding = 9; includeInIndex = 0; lastKnownFileType = wrapper.framework; name = SystemConfiguration.framework; path = System/Library/Frameworks/SystemConfiguration.framework; sourceTree = SDKROOT; };
		29B97316FDCFA39411CA2CEA /* main.m */ = {isa = PBXFileReference; fileEncoding = 4; lastKnownFileType = sourcecode.c.objc; path = main.m; sourceTree = "<group>"; };
		2B7A19A954884253BBEE11E5 /* CDVReachability.h */ = {isa = PBXFileReference; explicitFileType = undefined; fileEncoding = 4; includeInIndex = 0; lastKnownFileType = sourcecode.c.h; name = CDVReachability.h; path = "cordova-plugin-network-information/CDVReachability.h"; sourceTree = "<group>"; };
		2BC9FE324C624565AAE5072F /* CDVLocalFilesystem.h */ = {isa = PBXFileReference; explicitFileType = undefined; fileEncoding = 4; includeInIndex = 0; lastKnownFileType = sourcecode.c.h; name = CDVLocalFilesystem.h; path = "cordova-plugin-file/CDVLocalFilesystem.h"; sourceTree = "<group>"; };
		301BF52D109A57CC0062928A /* CordovaLib/CordovaLib.xcodeproj */ = {isa = PBXFileReference; lastKnownFileType = "wrapper.pb-project"; path = CordovaLib/CordovaLib.xcodeproj; sourceTree = "<group>"; };
		301BF56E109A69640062928A /* www */ = {isa = PBXFileReference; lastKnownFileType = folder; path = www; sourceTree = SOURCE_ROOT; };
		302D95EE14D2391D003F00A1 /* MainViewController.h */ = {isa = PBXFileReference; fileEncoding = 4; lastKnownFileType = sourcecode.c.h; path = MainViewController.h; sourceTree = "<group>"; };
		302D95EF14D2391D003F00A1 /* MainViewController.m */ = {isa = PBXFileReference; fileEncoding = 4; lastKnownFileType = sourcecode.c.objc; path = MainViewController.m; sourceTree = "<group>"; };
		302D95F014D2391D003F00A1 /* MainViewController.xib */ = {isa = PBXFileReference; fileEncoding = 4; lastKnownFileType = file.xib; path = MainViewController.xib; sourceTree = "<group>"; };
		3047A50F1AB8059700498E2A /* build-debug.xcconfig */ = {isa = PBXFileReference; fileEncoding = 4; lastKnownFileType = text.xcconfig; name = "build-debug.xcconfig"; path = "cordova/build-debug.xcconfig"; sourceTree = SOURCE_ROOT; };
		3047A5101AB8059700498E2A /* build-release.xcconfig */ = {isa = PBXFileReference; fileEncoding = 4; lastKnownFileType = text.xcconfig; name = "build-release.xcconfig"; path = "cordova/build-release.xcconfig"; sourceTree = SOURCE_ROOT; };
		3047A5111AB8059700498E2A /* build.xcconfig */ = {isa = PBXFileReference; fileEncoding = 4; lastKnownFileType = text.xcconfig; name = build.xcconfig; path = cordova/build.xcconfig; sourceTree = SOURCE_ROOT; };
		308D0997305A4D7E81377E1B /* GCDWebServerURLEncodedFormRequest.m */ = {isa = PBXFileReference; explicitFileType = undefined; fileEncoding = 4; includeInIndex = 0; lastKnownFileType = sourcecode.c.objc; name = GCDWebServerURLEncodedFormRequest.m; path = "cordova-plugin-ionic-webview/GCDWebServerURLEncodedFormRequest.m"; sourceTree = "<group>"; };
		31E656B75A374C56BB930BF2 /* ImageIO.framework */ = {isa = PBXFileReference; explicitFileType = undefined; fileEncoding = 9; includeInIndex = 0; lastKnownFileType = wrapper.framework; name = ImageIO.framework; path = System/Library/Frameworks/ImageIO.framework; sourceTree = SDKROOT; };
		32059519657D41B8A7F17436 /* sqlite3.h */ = {isa = PBXFileReference; explicitFileType = undefined; fileEncoding = 4; includeInIndex = 0; lastKnownFileType = sourcecode.c.h; name = sqlite3.h; path = "cordova-sqlite-storage/sqlite3.h"; sourceTree = "<group>"; };
		32CA4F630368D1EE00C91783 /* NewsAge-Prefix.pch */ = {isa = PBXFileReference; fileEncoding = 4; lastKnownFileType = sourcecode.c.h; path = "NewsAge-Prefix.pch"; sourceTree = "<group>"; };
		3EB4656087A24160B32671F7 /* GCDWebServerHTTPStatusCodes.h */ = {isa = PBXFileReference; explicitFileType = undefined; fileEncoding = 4; includeInIndex = 0; lastKnownFileType = sourcecode.c.h; name = GCDWebServerHTTPStatusCodes.h; path = "cordova-plugin-ionic-webview/GCDWebServerHTTPStatusCodes.h"; sourceTree = "<group>"; };
		4322E597DC014A209498C418 /* GCDWebServerFileResponse.h */ = {isa = PBXFileReference; explicitFileType = undefined; fileEncoding = 4; includeInIndex = 0; lastKnownFileType = sourcecode.c.h; name = GCDWebServerFileResponse.h; path = "cordova-plugin-ionic-webview/GCDWebServerFileResponse.h"; sourceTree = "<group>"; };
		45473A4E1F9445469D2D5FE3 /* GCDWebServerErrorResponse.m */ = {isa = PBXFileReference; explicitFileType = undefined; fileEncoding = 4; includeInIndex = 0; lastKnownFileType = sourcecode.c.objc; name = GCDWebServerErrorResponse.m; path = "cordova-plugin-ionic-webview/GCDWebServerErrorResponse.m"; sourceTree = "<group>"; };
		45EAB2A3E5DF4994A1F3E4AB /* CDVDevice.h */ = {isa = PBXFileReference; explicitFileType = undefined; fileEncoding = 4; includeInIndex = 0; lastKnownFileType = sourcecode.c.h; name = CDVDevice.h; path = "cordova-plugin-device/CDVDevice.h"; sourceTree = "<group>"; };
		4D719774C1CD43179CE079B5 /* WebKit.framework */ = {isa = PBXFileReference; explicitFileType = undefined; fileEncoding = 9; includeInIndex = 0; lastKnownFileType = wrapper.framework; name = WebKit.framework; path = System/Library/Frameworks/WebKit.framework; sourceTree = SDKROOT; };
		511EBE010F8040539B59E3A1 /* CDVConnection.h */ = {isa = PBXFileReference; explicitFileType = undefined; fileEncoding = 4; includeInIndex = 0; lastKnownFileType = sourcecode.c.h; name = CDVConnection.h; path = "cordova-plugin-network-information/CDVConnection.h"; sourceTree = "<group>"; };
		598F29DE3358456A89B7787B /* UIImage+CropScaleOrientation.h */ = {isa = PBXFileReference; explicitFileType = undefined; fileEncoding = 4; includeInIndex = 0; lastKnownFileType = sourcecode.c.h; name = "UIImage+CropScaleOrientation.h"; path = "cordova-plugin-camera/UIImage+CropScaleOrientation.h"; sourceTree = "<group>"; };
		5B23B060225B4ABFBBF6EECC /* GCDWebServerDataRequest.h */ = {isa = PBXFileReference; explicitFileType = undefined; fileEncoding = 4; includeInIndex = 0; lastKnownFileType = sourcecode.c.h; name = GCDWebServerDataRequest.h; path = "cordova-plugin-ionic-webview/GCDWebServerDataRequest.h"; sourceTree = "<group>"; };
		5FB1AACCB489412497E9BF64 /* MessageUI.framework */ = {isa = PBXFileReference; explicitFileType = undefined; fileEncoding = 9; includeInIndex = 0; lastKnownFileType = wrapper.framework; name = MessageUI.framework; path = System/Library/Frameworks/MessageUI.framework; sourceTree = SDKROOT; };
		66DD4B9C0DEE48E4BDB3E227 /* PhotoViewer.m */ = {isa = PBXFileReference; explicitFileType = undefined; fileEncoding = 4; includeInIndex = 0; lastKnownFileType = sourcecode.c.objc; name = PhotoViewer.m; path = "com-sarriaroman-photoviewer/PhotoViewer.m"; sourceTree = "<group>"; };
		6874A6394822489B9FF91B94 /* CDVFile.h */ = {isa = PBXFileReference; explicitFileType = undefined; fileEncoding = 4; includeInIndex = 0; lastKnownFileType = sourcecode.c.h; name = CDVFile.h; path = "cordova-plugin-file/CDVFile.h"; sourceTree = "<group>"; };
		6AFF5BF81D6E424B00AB3073 /* CDVLaunchScreen.storyboard */ = {isa = PBXFileReference; fileEncoding = 4; lastKnownFileType = file.storyboard; name = CDVLaunchScreen.storyboard; path = NewsAge/CDVLaunchScreen.storyboard; sourceTree = SOURCE_ROOT; };
		6E9383320BA34154B2A0BFBE /* NSString+SSURLEncoding.h */ = {isa = PBXFileReference; explicitFileType = undefined; fileEncoding = 4; includeInIndex = 0; lastKnownFileType = sourcecode.c.h; name = "NSString+SSURLEncoding.h"; path = "cordova-plugin-x-socialsharing/NSString+SSURLEncoding.h"; sourceTree = "<group>"; };
		74375789C8FF40309EF9078E /* CDVWKWebViewEngine.h */ = {isa = PBXFileReference; explicitFileType = undefined; fileEncoding = 4; includeInIndex = 0; lastKnownFileType = sourcecode.c.h; name = CDVWKWebViewEngine.h; path = "cordova-plugin-ionic-webview/CDVWKWebViewEngine.h"; sourceTree = "<group>"; };
		7851B019777245D9A53CBB0A /* GCDWebServerDataResponse.h */ = {isa = PBXFileReference; explicitFileType = undefined; fileEncoding = 4; includeInIndex = 0; lastKnownFileType = sourcecode.c.h; name = GCDWebServerDataResponse.h; path = "cordova-plugin-ionic-webview/GCDWebServerDataResponse.h"; sourceTree = "<group>"; };
		7AC087B7A87B489684BFFE88 /* CDVStatusBar.h */ = {isa = PBXFileReference; explicitFileType = undefined; fileEncoding = 4; includeInIndex = 0; lastKnownFileType = sourcecode.c.h; name = CDVStatusBar.h; path = "cordova-plugin-statusbar/CDVStatusBar.h"; sourceTree = "<group>"; };
		7DAB6B33B17F4AB98A561C67 /* CDVInAppBrowser.m */ = {isa = PBXFileReference; explicitFileType = undefined; fileEncoding = 4; includeInIndex = 0; lastKnownFileType = sourcecode.c.objc; name = CDVInAppBrowser.m; path = "cordova-plugin-inappbrowser/CDVInAppBrowser.m"; sourceTree = "<group>"; };
		7E94C419369044BDB4907910 /* CoreLocation.framework */ = {isa = PBXFileReference; explicitFileType = undefined; fileEncoding = 9; includeInIndex = 0; lastKnownFileType = wrapper.framework; name = CoreLocation.framework; path = System/Library/Frameworks/CoreLocation.framework; sourceTree = SDKROOT; };
		8237264DC82440A48CF7ED6F /* NativePageTransitions.h */ = {isa = PBXFileReference; explicitFileType = undefined; fileEncoding = 4; includeInIndex = 0; lastKnownFileType = sourcecode.c.h; name = NativePageTransitions.h; path = com.telerik.plugins.nativepagetransitions/NativePageTransitions.h; sourceTree = "<group>"; };
		8538DD8DECA24B29A188FD20 /* GCDWebServerFunctions.h */ = {isa = PBXFileReference; explicitFileType = undefined; fileEncoding = 4; includeInIndex = 0; lastKnownFileType = sourcecode.c.h; name = GCDWebServerFunctions.h; path = "cordova-plugin-ionic-webview/GCDWebServerFunctions.h"; sourceTree = "<group>"; };
		86364263FC994CB8907E4299 /* CDVStatusBar.m */ = {isa = PBXFileReference; explicitFileType = undefined; fileEncoding = 4; includeInIndex = 0; lastKnownFileType = sourcecode.c.objc; name = CDVStatusBar.m; path = "cordova-plugin-statusbar/CDVStatusBar.m"; sourceTree = "<group>"; };
		8AC0F72A92C44231AE012B54 /* CDVIonicKeyboard.h */ = {isa = PBXFileReference; explicitFileType = undefined; fileEncoding = 4; includeInIndex = 0; lastKnownFileType = sourcecode.c.h; name = CDVIonicKeyboard.h; path = "cordova-plugin-ionic-keyboard/CDVIonicKeyboard.h"; sourceTree = "<group>"; };
		8D1107310486CEB800E47090 /* NewsAge-Info.plist */ = {isa = PBXFileReference; fileEncoding = 4; lastKnownFileType = text.plist.xml; name = "NewsAge-Info.plist"; path = "NewsAge/NewsAge-Info.plist"; plistStructureDefinitionIdentifier = "com.apple.xcode.plist.structure-definition.iphone.info-plist"; sourceTree = SOURCE_ROOT; };
		8DFCE9282CA64E48A165464F /* GCDWebServerPrivate.h */ = {isa = PBXFileReference; explicitFileType = undefined; fileEncoding = 4; includeInIndex = 0; lastKnownFileType = sourcecode.c.h; name = GCDWebServerPrivate.h; path = "cordova-plugin-ionic-webview/GCDWebServerPrivate.h"; sourceTree = "<group>"; };
		8FF1102EC05343388BBDB084 /* GCDWebServerDataResponse.m */ = {isa = PBXFileReference; explicitFileType = undefined; fileEncoding = 4; includeInIndex = 0; lastKnownFileType = sourcecode.c.objc; name = GCDWebServerDataResponse.m; path = "cordova-plugin-ionic-webview/GCDWebServerDataResponse.m"; sourceTree = "<group>"; };
		904F89B9CE964229AA8A460A /* CDVDevice.m */ = {isa = PBXFileReference; explicitFileType = undefined; fileEncoding = 4; includeInIndex = 0; lastKnownFileType = sourcecode.c.objc; name = CDVDevice.m; path = "cordova-plugin-device/CDVDevice.m"; sourceTree = "<group>"; };
		94AFAAFD926A4C57A74E717C /* GCDWebServerResponse.m */ = {isa = PBXFileReference; explicitFileType = undefined; fileEncoding = 4; includeInIndex = 0; lastKnownFileType = sourcecode.c.objc; name = GCDWebServerResponse.m; path = "cordova-plugin-ionic-webview/GCDWebServerResponse.m"; sourceTree = "<group>"; };
		97C996706BFE496FA416F3DB /* CDVFileTransfer.h */ = {isa = PBXFileReference; explicitFileType = undefined; fileEncoding = 4; includeInIndex = 0; lastKnownFileType = sourcecode.c.h; name = CDVFileTransfer.h; path = "cordova-plugin-file-transfer/CDVFileTransfer.h"; sourceTree = "<group>"; };
		993804B03646456ABE692780 /* CDVWKProcessPoolFactory.h */ = {isa = PBXFileReference; explicitFileType = undefined; fileEncoding = 4; includeInIndex = 0; lastKnownFileType = sourcecode.c.h; name = CDVWKProcessPoolFactory.h; path = "cordova-plugin-ionic-webview/CDVWKProcessPoolFactory.h"; sourceTree = "<group>"; };
		99B90996B1C842689750E1DF /* CDVViewController+SplashScreen.h */ = {isa = PBXFileReference; explicitFileType = undefined; fileEncoding = 4; includeInIndex = 0; lastKnownFileType = sourcecode.c.h; name = "CDVViewController+SplashScreen.h"; path = "cordova-plugin-splashscreen/CDVViewController+SplashScreen.h"; sourceTree = "<group>"; };
		9E3C00E8B11042B0967123B4 /* GCDWebServerStreamedResponse.h */ = {isa = PBXFileReference; explicitFileType = undefined; fileEncoding = 4; includeInIndex = 0; lastKnownFileType = sourcecode.c.h; name = GCDWebServerStreamedResponse.h; path = "cordova-plugin-ionic-webview/GCDWebServerStreamedResponse.h"; sourceTree = "<group>"; };
		9FF0158A13464F47AC2BB443 /* PSPDFThreadSafeMutableDictionary.m */ = {isa = PBXFileReference; explicitFileType = undefined; fileEncoding = 4; includeInIndex = 0; lastKnownFileType = sourcecode.c.objc; name = PSPDFThreadSafeMutableDictionary.m; path = "cordova-sqlite-storage/PSPDFThreadSafeMutableDictionary.m"; sourceTree = "<group>"; };
		A1A91CD7F10042979AFC12D5 /* CDVFile.m */ = {isa = PBXFileReference; explicitFileType = undefined; fileEncoding = 4; includeInIndex = 0; lastKnownFileType = sourcecode.c.objc; name = CDVFile.m; path = "cordova-plugin-file/CDVFile.m"; sourceTree = "<group>"; };
		A4848FCA3D3149B0AE44B6D6 /* CDVLocation.h */ = {isa = PBXFileReference; explicitFileType = undefined; fileEncoding = 4; includeInIndex = 0; lastKnownFileType = sourcecode.c.h; name = CDVLocation.h; path = "cordova-plugin-geolocation/CDVLocation.h"; sourceTree = "<group>"; };
		A62D1D8EB31A4E9E9D4422DB /* ImageResizer.m */ = {isa = PBXFileReference; explicitFileType = undefined; fileEncoding = 4; includeInIndex = 0; lastKnownFileType = sourcecode.c.objc; name = ImageResizer.m; path = info.protonet.imageresizer/ImageResizer.m; sourceTree = "<group>"; };
		A63B95D96ECC4E4BB64197C2 /* CDVIonicKeyboard.m */ = {isa = PBXFileReference; explicitFileType = undefined; fileEncoding = 4; includeInIndex = 0; lastKnownFileType = sourcecode.c.objc; name = CDVIonicKeyboard.m; path = "cordova-plugin-ionic-keyboard/CDVIonicKeyboard.m"; sourceTree = "<group>"; };
		A68A9EBAAB354DFD9243FCE5 /* ImageResizer.h */ = {isa = PBXFileReference; explicitFileType = undefined; fileEncoding = 4; includeInIndex = 0; lastKnownFileType = sourcecode.c.h; name = ImageResizer.h; path = info.protonet.imageresizer/ImageResizer.h; sourceTree = "<group>"; };
		AD7B970019534E8A9727D276 /* AppDelegate+nativepagetransitions.h */ = {isa = PBXFileReference; explicitFileType = undefined; fileEncoding = 4; includeInIndex = 0; lastKnownFileType = sourcecode.c.h; name = "AppDelegate+nativepagetransitions.h"; path = "com.telerik.plugins.nativepagetransitions/AppDelegate+nativepagetransitions.h"; sourceTree = "<group>"; };
		AF67BDD0F81445479E8AB061 /* CDVOrientation.h */ = {isa = PBXFileReference; explicitFileType = undefined; fileEncoding = 4; includeInIndex = 0; lastKnownFileType = sourcecode.c.h; name = CDVOrientation.h; path = "cordova-plugin-screen-orientation/CDVOrientation.h"; sourceTree = "<group>"; };
		AFB2D78EC2024D3D8FAB074B /* GCDWebServer.h */ = {isa = PBXFileReference; explicitFileType = undefined; fileEncoding = 4; includeInIndex = 0; lastKnownFileType = sourcecode.c.h; name = GCDWebServer.h; path = "cordova-plugin-ionic-webview/GCDWebServer.h"; sourceTree = "<group>"; };
		B2F973D35EE44E8EA18B62A1 /* CDVExif.h */ = {isa = PBXFileReference; explicitFileType = undefined; fileEncoding = 4; includeInIndex = 0; lastKnownFileType = sourcecode.c.h; name = CDVExif.h; path = "cordova-plugin-camera/CDVExif.h"; sourceTree = "<group>"; };
		B4C0DC0764EE4B7191352179 /* GCDWebServerFileResponse.m */ = {isa = PBXFileReference; explicitFileType = undefined; fileEncoding = 4; includeInIndex = 0; lastKnownFileType = sourcecode.c.objc; name = GCDWebServerFileResponse.m; path = "cordova-plugin-ionic-webview/GCDWebServerFileResponse.m"; sourceTree = "<group>"; };
		B5674E1696C04DE0B123946E /* CDVJpegHeaderWriter.m */ = {isa = PBXFileReference; explicitFileType = undefined; fileEncoding = 4; includeInIndex = 0; lastKnownFileType = sourcecode.c.objc; name = CDVJpegHeaderWriter.m; path = "cordova-plugin-camera/CDVJpegHeaderWriter.m"; sourceTree = "<group>"; };
		B5DA1E852E7842B2A75B4CB8 /* AppDelegate+nativepagetransitions.m */ = {isa = PBXFileReference; explicitFileType = undefined; fileEncoding = 4; includeInIndex = 0; lastKnownFileType = sourcecode.c.objc; name = "AppDelegate+nativepagetransitions.m"; path = "com.telerik.plugins.nativepagetransitions/AppDelegate+nativepagetransitions.m"; sourceTree = "<group>"; };
		BB4EAB3C530B4EA0B106E261 /* CDVJpegHeaderWriter.h */ = {isa = PBXFileReference; explicitFileType = undefined; fileEncoding = 4; includeInIndex = 0; lastKnownFileType = sourcecode.c.h; name = CDVJpegHeaderWriter.h; path = "cordova-plugin-camera/CDVJpegHeaderWriter.h"; sourceTree = "<group>"; };
		C3D82E4509C94B5B8016B1E2 /* CDVLocation.m */ = {isa = PBXFileReference; explicitFileType = undefined; fileEncoding = 4; includeInIndex = 0; lastKnownFileType = sourcecode.c.objc; name = CDVLocation.m; path = "cordova-plugin-geolocation/CDVLocation.m"; sourceTree = "<group>"; };
		C4CE774A2BC34BB198D7479E /* GCDWebServerConnection.m */ = {isa = PBXFileReference; explicitFileType = undefined; fileEncoding = 4; includeInIndex = 0; lastKnownFileType = sourcecode.c.objc; name = GCDWebServerConnection.m; path = "cordova-plugin-ionic-webview/GCDWebServerConnection.m"; sourceTree = "<group>"; };
		C7DB57DC60804877BB13314B /* CDVSplashScreen.h */ = {isa = PBXFileReference; explicitFileType = undefined; fileEncoding = 4; includeInIndex = 0; lastKnownFileType = sourcecode.c.h; name = CDVSplashScreen.h; path = "cordova-plugin-splashscreen/CDVSplashScreen.h"; sourceTree = "<group>"; };
		CAE2AC7E6B5D437FB7E47605 /* CDVCamera.h */ = {isa = PBXFileReference; explicitFileType = undefined; fileEncoding = 4; includeInIndex = 0; lastKnownFileType = sourcecode.c.h; name = CDVCamera.h; path = "cordova-plugin-camera/CDVCamera.h"; sourceTree = "<group>"; };
		CCF80520A01B435D9C11D7B9 /* SocialSharing.m */ = {isa = PBXFileReference; explicitFileType = undefined; fileEncoding = 4; includeInIndex = 0; lastKnownFileType = sourcecode.c.objc; name = SocialSharing.m; path = "cordova-plugin-x-socialsharing/SocialSharing.m"; sourceTree = "<group>"; };
		D73AF89353F84E2AA6D4301A /* GCDWebServerRequest.h */ = {isa = PBXFileReference; explicitFileType = undefined; fileEncoding = 4; includeInIndex = 0; lastKnownFileType = sourcecode.c.h; name = GCDWebServerRequest.h; path = "cordova-plugin-ionic-webview/GCDWebServerRequest.h"; sourceTree = "<group>"; };
		D92FF58F79F542A3836C3429 /* libz.tbd */ = {isa = PBXFileReference; explicitFileType = undefined; fileEncoding = 9; includeInIndex = 0; lastKnownFileType = "sourcecode.text-based-dylib-definition"; name = libz.tbd; path = usr/lib/libz.tbd; sourceTree = SDKROOT; };
		DEE0BC8E735E4E19B2468665 /* UIImage+CropScaleOrientation.m */ = {isa = PBXFileReference; explicitFileType = undefined; fileEncoding = 4; includeInIndex = 0; lastKnownFileType = sourcecode.c.objc; name = "UIImage+CropScaleOrientation.m"; path = "cordova-plugin-camera/UIImage+CropScaleOrientation.m"; sourceTree = "<group>"; };
		DF94FD9CE7EE479C96F0E587 /* GCDWebServerResponse.h */ = {isa = PBXFileReference; explicitFileType = undefined; fileEncoding = 4; includeInIndex = 0; lastKnownFileType = sourcecode.c.h; name = GCDWebServerResponse.h; path = "cordova-plugin-ionic-webview/GCDWebServerResponse.h"; sourceTree = "<group>"; };
		DFEAB4B39FFA4E788515E735 /* CDVWKWebViewEngine.m */ = {isa = PBXFileReference; explicitFileType = undefined; fileEncoding = 4; includeInIndex = 0; lastKnownFileType = sourcecode.c.objc; name = CDVWKWebViewEngine.m; path = "cordova-plugin-ionic-webview/CDVWKWebViewEngine.m"; sourceTree = "<group>"; };
		E0C48EA798384A6B86615F7E /* GCDWebServerRequest.m */ = {isa = PBXFileReference; explicitFileType = undefined; fileEncoding = 4; includeInIndex = 0; lastKnownFileType = sourcecode.c.objc; name = GCDWebServerRequest.m; path = "cordova-plugin-ionic-webview/GCDWebServerRequest.m"; sourceTree = "<group>"; };
		E125C6CA93904EA88F03657E /* SQLitePlugin.m */ = {isa = PBXFileReference; explicitFileType = undefined; fileEncoding = 4; includeInIndex = 0; lastKnownFileType = sourcecode.c.objc; name = SQLitePlugin.m; path = "cordova-sqlite-storage/SQLitePlugin.m"; sourceTree = "<group>"; };
		E1B11AC3CAD341FD903475FC /* AVFoundation.framework */ = {isa = PBXFileReference; explicitFileType = undefined; fileEncoding = 9; includeInIndex = 0; lastKnownFileType = wrapper.framework; name = AVFoundation.framework; path = System/Library/Frameworks/AVFoundation.framework; sourceTree = SDKROOT; };
		E269F41FA1784BC0BC09A79F /* CoreTelephony.framework */ = {isa = PBXFileReference; explicitFileType = undefined; fileEncoding = 9; includeInIndex = 0; lastKnownFileType = wrapper.framework; name = CoreTelephony.framework; path = System/Library/Frameworks/CoreTelephony.framework; sourceTree = SDKROOT; };
		E6110C6762EE4A578CFB6F97 /* GCDWebServerMultiPartFormRequest.h */ = {isa = PBXFileReference; explicitFileType = undefined; fileEncoding = 4; includeInIndex = 0; lastKnownFileType = sourcecode.c.h; name = GCDWebServerMultiPartFormRequest.h; path = "cordova-plugin-ionic-webview/GCDWebServerMultiPartFormRequest.h"; sourceTree = "<group>"; };
		E84BC9CFA60F4A08A6B3EA1C /* GCDWebServerFileRequest.m */ = {isa = PBXFileReference; explicitFileType = undefined; fileEncoding = 4; includeInIndex = 0; lastKnownFileType = sourcecode.c.objc; name = GCDWebServerFileRequest.m; path = "cordova-plugin-ionic-webview/GCDWebServerFileRequest.m"; sourceTree = "<group>"; };
		EAA1B2D1A87347E59A685FE9 /* GCDWebServer.m */ = {isa = PBXFileReference; explicitFileType = undefined; fileEncoding = 4; includeInIndex = 0; lastKnownFileType = sourcecode.c.objc; name = GCDWebServer.m; path = "cordova-plugin-ionic-webview/GCDWebServer.m"; sourceTree = "<group>"; };
		EB87FDF31871DA8E0020F90C /* www */ = {isa = PBXFileReference; lastKnownFileType = folder; name = www; path = ../../www; sourceTree = "<group>"; };
		EB87FDF41871DAF40020F90C /* config.xml */ = {isa = PBXFileReference; lastKnownFileType = text.xml; name = config.xml; path = ../../config.xml; sourceTree = "<group>"; };
		ECAC8364230A451FA239354E /* Social.framework */ = {isa = PBXFileReference; explicitFileType = undefined; fileEncoding = 9; includeInIndex = 0; lastKnownFileType = wrapper.framework; name = Social.framework; path = System/Library/Frameworks/Social.framework; sourceTree = SDKROOT; };
		ED33DF2A687741AEAF9F8254 /* Bridging-Header.h */ = {isa = PBXFileReference; fileEncoding = 4; lastKnownFileType = sourcecode.c.h; path = "Bridging-Header.h"; sourceTree = "<group>"; };
		ED9C854E811348BFA358A4A2 /* CDVConnection.m */ = {isa = PBXFileReference; explicitFileType = undefined; fileEncoding = 4; includeInIndex = 0; lastKnownFileType = sourcecode.c.objc; name = CDVConnection.m; path = "cordova-plugin-network-information/CDVConnection.m"; sourceTree = "<group>"; };
		EF64BCFAFB654C47948711E4 /* GCDWebServerFunctions.m */ = {isa = PBXFileReference; explicitFileType = undefined; fileEncoding = 4; includeInIndex = 0; lastKnownFileType = sourcecode.c.objc; name = GCDWebServerFunctions.m; path = "cordova-plugin-ionic-webview/GCDWebServerFunctions.m"; sourceTree = "<group>"; };
		F6ED3367F4994A9F8C9BF55A /* GCDWebServerDataRequest.m */ = {isa = PBXFileReference; explicitFileType = undefined; fileEncoding = 4; includeInIndex = 0; lastKnownFileType = sourcecode.c.objc; name = GCDWebServerDataRequest.m; path = "cordova-plugin-ionic-webview/GCDWebServerDataRequest.m"; sourceTree = "<group>"; };
		F6F34F62B93144FAA43499F9 /* GCDWebServerFileRequest.h */ = {isa = PBXFileReference; explicitFileType = undefined; fileEncoding = 4; includeInIndex = 0; lastKnownFileType = sourcecode.c.h; name = GCDWebServerFileRequest.h; path = "cordova-plugin-ionic-webview/GCDWebServerFileRequest.h"; sourceTree = "<group>"; };
		F840E1F0165FE0F500CFE078 /* config.xml */ = {isa = PBXFileReference; lastKnownFileType = text.xml; name = config.xml; path = NewsAge/config.xml; sourceTree = "<group>"; };
		F9A9659F7A304903861613AD /* CDVCamera.m */ = {isa = PBXFileReference; explicitFileType = undefined; fileEncoding = 4; includeInIndex = 0; lastKnownFileType = sourcecode.c.objc; name = CDVCamera.m; path = "cordova-plugin-camera/CDVCamera.m"; sourceTree = "<group>"; };
		FA3B159178974B149829941D /* CDVAssetLibraryFilesystem.m */ = {isa = PBXFileReference; explicitFileType = undefined; fileEncoding = 4; includeInIndex = 0; lastKnownFileType = sourcecode.c.objc; name = CDVAssetLibraryFilesystem.m; path = "cordova-plugin-file/CDVAssetLibraryFilesystem.m"; sourceTree = "<group>"; };
		FD3A6605BC6842DFAB679027 /* SocialSharing.h */ = {isa = PBXFileReference; explicitFileType = undefined; fileEncoding = 4; includeInIndex = 0; lastKnownFileType = sourcecode.c.h; name = SocialSharing.h; path = "cordova-plugin-x-socialsharing/SocialSharing.h"; sourceTree = "<group>"; };
/* End PBXFileReference section */

/* Begin PBXFrameworksBuildPhase section */
		1D60588F0D05DD3D006BFB54 /* Frameworks */ = {
			isa = PBXFrameworksBuildPhase;
			buildActionMask = 2147483647;
			files = (
				301BF552109A68D80062928A /* libCordova.a in Frameworks */,
				4659063B12DB42DFBF06887B /* ImageIO.framework in Frameworks */,
				EDCA64281BE2403E9179FBB2 /* CoreLocation.framework in Frameworks */,
				D4B14CCDC1B14B2590C83DC4 /* AVFoundation.framework in Frameworks */,
				CD5768D5FE5E4EC190896F9C /* WebKit.framework in Frameworks */,
				2E6ECCA80DA34D9C80FEAB40 /* libz.tbd in Frameworks */,
				EA8CA4D42AD84F7AA049E4F8 /* SystemConfiguration.framework in Frameworks */,
				122232709B054908AF32D9DA /* CoreTelephony.framework in Frameworks */,
				2AFBC8225BDF4F7DB5B86ECB /* Social.framework in Frameworks */,
				B60C9237A93F4034BF319928 /* MessageUI.framework in Frameworks */,
			);
			runOnlyForDeploymentPostprocessing = 0;
		};
/* End PBXFrameworksBuildPhase section */

/* Begin PBXGroup section */
		080E96DDFE201D6D7F000001 /* Classes */ = {
			isa = PBXGroup;
			children = (
				302D95EE14D2391D003F00A1 /* MainViewController.h */,
				302D95EF14D2391D003F00A1 /* MainViewController.m */,
				302D95F014D2391D003F00A1 /* MainViewController.xib */,
				1D3623240D0F684500981E51 /* AppDelegate.h */,
				1D3623250D0F684500981E51 /* AppDelegate.m */,
			);
			name = Classes;
			path = NewsAge/Classes;
			sourceTree = SOURCE_ROOT;
		};
		19C28FACFE9D520D11CA2CBB /* Products */ = {
			isa = PBXGroup;
			children = (
				1D6058910D05DD3D006BFB54 /* NewsAge.app */,
			);
			name = Products;
			sourceTree = "<group>";
		};
		29B97314FDCFA39411CA2CEA /* CustomTemplate */ = {
			isa = PBXGroup;
			children = (
				EB87FDF41871DAF40020F90C /* config.xml */,
				EB87FDF31871DA8E0020F90C /* www */,
				EB87FDF11871DA420020F90C /* Staging */,
				301BF52D109A57CC0062928A /* CordovaLib/CordovaLib.xcodeproj */,
				080E96DDFE201D6D7F000001 /* Classes */,
				307C750510C5A3420062BCA9 /* Plugins */,
				29B97315FDCFA39411CA2CEA /* Other Sources */,
				29B97317FDCFA39411CA2CEA /* Resources */,
				29B97323FDCFA39411CA2CEA /* Frameworks */,
				19C28FACFE9D520D11CA2CBB /* Products */,
			);
			name = CustomTemplate;
			sourceTree = "<group>";
		};
		29B97315FDCFA39411CA2CEA /* Other Sources */ = {
			isa = PBXGroup;
			children = (
				32CA4F630368D1EE00C91783 /* NewsAge-Prefix.pch */,
				29B97316FDCFA39411CA2CEA /* main.m */,
				ED33DF2A687741AEAF9F8254 /* Bridging-Header.h */,
			);
			name = "Other Sources";
			path = NewsAge;
			sourceTree = "<group>";
		};
		29B97317FDCFA39411CA2CEA /* Resources */ = {
			isa = PBXGroup;
			children = (
				0207DA571B56EA530066E2B4 /* Images.xcassets */,
				3047A50E1AB8057F00498E2A /* config */,
				8D1107310486CEB800E47090 /* NewsAge-Info.plist */,
				6AFF5BF81D6E424B00AB3073 /* CDVLaunchScreen.storyboard */,
			);
			name = Resources;
			path = NewsAge/Resources;
			sourceTree = "<group>";
		};
		29B97323FDCFA39411CA2CEA /* Frameworks */ = {
			isa = PBXGroup;
			children = (
				31E656B75A374C56BB930BF2 /* ImageIO.framework */,
				7E94C419369044BDB4907910 /* CoreLocation.framework */,
				E1B11AC3CAD341FD903475FC /* AVFoundation.framework */,
				4D719774C1CD43179CE079B5 /* WebKit.framework */,
				D92FF58F79F542A3836C3429 /* libz.tbd */,
				25DA6FAE7A744BB190D5C3BA /* SystemConfiguration.framework */,
				E269F41FA1784BC0BC09A79F /* CoreTelephony.framework */,
				ECAC8364230A451FA239354E /* Social.framework */,
				5FB1AACCB489412497E9BF64 /* MessageUI.framework */,
			);
			name = Frameworks;
			sourceTree = "<group>";
		};
		301BF52E109A57CC0062928A /* Products */ = {
			isa = PBXGroup;
			children = (
				301BF535109A57CC0062928A /* libCordova.a */,
				3E0BCE8721E379AC008C30D3 /* Cordova.framework */,
			);
			name = Products;
			sourceTree = "<group>";
		};
		3047A50E1AB8057F00498E2A /* config */ = {
			isa = PBXGroup;
			children = (
				3047A50F1AB8059700498E2A /* build-debug.xcconfig */,
				3047A5101AB8059700498E2A /* build-release.xcconfig */,
				3047A5111AB8059700498E2A /* build.xcconfig */,
			);
			name = config;
			sourceTree = "<group>";
		};
		307C750510C5A3420062BCA9 /* Plugins */ = {
			isa = PBXGroup;
			children = (
				66DD4B9C0DEE48E4BDB3E227 /* PhotoViewer.m */,
				0A181899688C4BB3A9841095 /* NativePageTransitions.m */,
				B5DA1E852E7842B2A75B4CB8 /* AppDelegate+nativepagetransitions.m */,
				8237264DC82440A48CF7ED6F /* NativePageTransitions.h */,
				AD7B970019534E8A9727D276 /* AppDelegate+nativepagetransitions.h */,
				DEE0BC8E735E4E19B2468665 /* UIImage+CropScaleOrientation.m */,
				F9A9659F7A304903861613AD /* CDVCamera.m */,
				B5674E1696C04DE0B123946E /* CDVJpegHeaderWriter.m */,
				598F29DE3358456A89B7787B /* UIImage+CropScaleOrientation.h */,
				CAE2AC7E6B5D437FB7E47605 /* CDVCamera.h */,
				BB4EAB3C530B4EA0B106E261 /* CDVJpegHeaderWriter.h */,
				B2F973D35EE44E8EA18B62A1 /* CDVExif.h */,
				904F89B9CE964229AA8A460A /* CDVDevice.m */,
				45EAB2A3E5DF4994A1F3E4AB /* CDVDevice.h */,
				A1A91CD7F10042979AFC12D5 /* CDVFile.m */,
				17B4758D3BE04E99B62569AA /* CDVLocalFilesystem.m */,
				FA3B159178974B149829941D /* CDVAssetLibraryFilesystem.m */,
				6874A6394822489B9FF91B94 /* CDVFile.h */,
				2BC9FE324C624565AAE5072F /* CDVLocalFilesystem.h */,
				2550642A21304CDCB6EAA7E8 /* CDVAssetLibraryFilesystem.h */,
				159BECB10700476BB5809618 /* CDVFileTransfer.m */,
				97C996706BFE496FA416F3DB /* CDVFileTransfer.h */,
				C3D82E4509C94B5B8016B1E2 /* CDVLocation.m */,
				A4848FCA3D3149B0AE44B6D6 /* CDVLocation.h */,
				7DAB6B33B17F4AB98A561C67 /* CDVInAppBrowser.m */,
				24328C49AC2A438996DB695F /* CDVInAppBrowser.h */,
				A63B95D96ECC4E4BB64197C2 /* CDVIonicKeyboard.m */,
				8AC0F72A92C44231AE012B54 /* CDVIonicKeyboard.h */,
				DFEAB4B39FFA4E788515E735 /* CDVWKWebViewEngine.m */,
				1EB02735B28B470AA1AA968E /* CDVWKWebViewUIDelegate.m */,
				0C7420B5CEF24FD592BB1504 /* CDVWKProcessPoolFactory.m */,
				EAA1B2D1A87347E59A685FE9 /* GCDWebServer.m */,
				C4CE774A2BC34BB198D7479E /* GCDWebServerConnection.m */,
				EF64BCFAFB654C47948711E4 /* GCDWebServerFunctions.m */,
				E0C48EA798384A6B86615F7E /* GCDWebServerRequest.m */,
				94AFAAFD926A4C57A74E717C /* GCDWebServerResponse.m */,
				F6ED3367F4994A9F8C9BF55A /* GCDWebServerDataRequest.m */,
				E84BC9CFA60F4A08A6B3EA1C /* GCDWebServerFileRequest.m */,
				23CFA93BDD5741D3B168FCA4 /* GCDWebServerMultiPartFormRequest.m */,
				308D0997305A4D7E81377E1B /* GCDWebServerURLEncodedFormRequest.m */,
				8FF1102EC05343388BBDB084 /* GCDWebServerDataResponse.m */,
				45473A4E1F9445469D2D5FE3 /* GCDWebServerErrorResponse.m */,
				B4C0DC0764EE4B7191352179 /* GCDWebServerFileResponse.m */,
				11A54D7F8C9B40FC879C0820 /* GCDWebServerStreamedResponse.m */,
				74375789C8FF40309EF9078E /* CDVWKWebViewEngine.h */,
				0184816601E84A97BFC8B365 /* CDVWKWebViewUIDelegate.h */,
				993804B03646456ABE692780 /* CDVWKProcessPoolFactory.h */,
				AFB2D78EC2024D3D8FAB074B /* GCDWebServer.h */,
				13C6D007080E41D8BC2CD115 /* GCDWebServerConnection.h */,
				8538DD8DECA24B29A188FD20 /* GCDWebServerFunctions.h */,
				3EB4656087A24160B32671F7 /* GCDWebServerHTTPStatusCodes.h */,
				8DFCE9282CA64E48A165464F /* GCDWebServerPrivate.h */,
				D73AF89353F84E2AA6D4301A /* GCDWebServerRequest.h */,
				DF94FD9CE7EE479C96F0E587 /* GCDWebServerResponse.h */,
				5B23B060225B4ABFBBF6EECC /* GCDWebServerDataRequest.h */,
				F6F34F62B93144FAA43499F9 /* GCDWebServerFileRequest.h */,
				E6110C6762EE4A578CFB6F97 /* GCDWebServerMultiPartFormRequest.h */,
				113FAA613C404E41A4F98053 /* GCDWebServerURLEncodedFormRequest.h */,
				7851B019777245D9A53CBB0A /* GCDWebServerDataResponse.h */,
				2044A7398455499587954C53 /* GCDWebServerErrorResponse.h */,
				4322E597DC014A209498C418 /* GCDWebServerFileResponse.h */,
				9E3C00E8B11042B0967123B4 /* GCDWebServerStreamedResponse.h */,
				ED9C854E811348BFA358A4A2 /* CDVConnection.m */,
				1C45DD41950640B2990282AA /* CDVReachability.m */,
				511EBE010F8040539B59E3A1 /* CDVConnection.h */,
				2B7A19A954884253BBEE11E5 /* CDVReachability.h */,
				0009CACEC03B4C779FF656D8 /* CDVOrientation.m */,
				AF67BDD0F81445479E8AB061 /* CDVOrientation.h */,
				0AD5B02EEFBB4CCA8D655D32 /* CDVSplashScreen.m */,
				23433A0BCE8C4BCA8AF7FE72 /* CDVViewController+SplashScreen.m */,
				C7DB57DC60804877BB13314B /* CDVSplashScreen.h */,
				99B90996B1C842689750E1DF /* CDVViewController+SplashScreen.h */,
				86364263FC994CB8907E4299 /* CDVStatusBar.m */,
				7AC087B7A87B489684BFFE88 /* CDVStatusBar.h */,
				1468992052B34013BB77F61B /* NSString+SSURLEncoding.m */,
				CCF80520A01B435D9C11D7B9 /* SocialSharing.m */,
				6E9383320BA34154B2A0BFBE /* NSString+SSURLEncoding.h */,
				FD3A6605BC6842DFAB679027 /* SocialSharing.h */,
				E125C6CA93904EA88F03657E /* SQLitePlugin.m */,
				9FF0158A13464F47AC2BB443 /* PSPDFThreadSafeMutableDictionary.m */,
				1AB181B41B1443A4A2947034 /* sqlite3.c */,
				1F51D4310AE647F0BE36BB68 /* SQLitePlugin.h */,
				03C440C758CB4A5EA7535870 /* PSPDFThreadSafeMutableDictionary.h */,
				32059519657D41B8A7F17436 /* sqlite3.h */,
				A62D1D8EB31A4E9E9D4422DB /* ImageResizer.m */,
				A68A9EBAAB354DFD9243FCE5 /* ImageResizer.h */,
			);
			name = Plugins;
			path = NewsAge/Plugins;
			sourceTree = SOURCE_ROOT;
		};
		EB87FDF11871DA420020F90C /* Staging */ = {
			isa = PBXGroup;
			children = (
				F840E1F0165FE0F500CFE078 /* config.xml */,
				301BF56E109A69640062928A /* www */,
			);
			name = Staging;
			sourceTree = "<group>";
		};
/* End PBXGroup section */

/* Begin PBXNativeTarget section */
		1D6058900D05DD3D006BFB54 /* NewsAge */ = {
			isa = PBXNativeTarget;
			buildConfigurationList = 1D6058960D05DD3E006BFB54 /* Build configuration list for PBXNativeTarget "NewsAge" */;
			buildPhases = (
				304B58A110DAC018002A0835 /* Copy www directory */,
				1D60588D0D05DD3D006BFB54 /* Resources */,
				1D60588E0D05DD3D006BFB54 /* Sources */,
				1D60588F0D05DD3D006BFB54 /* Frameworks */,
			);
			buildRules = (
			);
			dependencies = (
				301BF551109A68C00062928A /* PBXTargetDependency */,
			);
			name = NewsAge;
			productName = NewsAge;
			productReference = 1D6058910D05DD3D006BFB54 /* NewsAge.app */;
			productType = "com.apple.product-type.application";
		};
/* End PBXNativeTarget section */

/* Begin PBXProject section */
		29B97313FDCFA39411CA2CEA /* Project object */ = {
			isa = PBXProject;
			attributes = {
				LastUpgradeCheck = 510;
				TargetAttributes = {
					1D6058900D05DD3D006BFB54 = {
						DevelopmentTeam = 2DQHUB67N4;
					};
				};
			};
			buildConfigurationList = C01FCF4E08A954540054247B /* Build configuration list for PBXProject "NewsAge" */;
			compatibilityVersion = "Xcode 3.2";
			developmentRegion = English;
			hasScannedForEncodings = 1;
			knownRegions = (
				en,
			);
			mainGroup = 29B97314FDCFA39411CA2CEA /* CustomTemplate */;
			projectDirPath = "";
			projectReferences = (
				{
					ProductGroup = 301BF52E109A57CC0062928A /* Products */;
					ProjectRef = 301BF52D109A57CC0062928A /* CordovaLib/CordovaLib.xcodeproj */;
				},
			);
			projectRoot = "";
			targets = (
				1D6058900D05DD3D006BFB54 /* NewsAge */,
			);
		};
/* End PBXProject section */

/* Begin PBXReferenceProxy section */
		301BF535109A57CC0062928A /* libCordova.a */ = {
			isa = PBXReferenceProxy;
			fileType = archive.ar;
			path = libCordova.a;
			remoteRef = 301BF534109A57CC0062928A /* PBXContainerItemProxy */;
			sourceTree = BUILT_PRODUCTS_DIR;
		};
		3E0BCE8721E379AC008C30D3 /* Cordova.framework */ = {
			isa = PBXReferenceProxy;
			fileType = wrapper.framework;
			path = Cordova.framework;
			remoteRef = 3E0BCE8621E379AC008C30D3 /* PBXContainerItemProxy */;
			sourceTree = BUILT_PRODUCTS_DIR;
		};
/* End PBXReferenceProxy section */

/* Begin PBXResourcesBuildPhase section */
		1D60588D0D05DD3D006BFB54 /* Resources */ = {
			isa = PBXResourcesBuildPhase;
			buildActionMask = 2147483647;
			files = (
				302D95F214D2391D003F00A1 /* MainViewController.xib in Resources */,
				0207DA581B56EA530066E2B4 /* Images.xcassets in Resources */,
				6AFF5BF91D6E424B00AB3073 /* CDVLaunchScreen.storyboard in Resources */,
			);
			runOnlyForDeploymentPostprocessing = 0;
		};
/* End PBXResourcesBuildPhase section */

/* Begin PBXShellScriptBuildPhase section */
		304B58A110DAC018002A0835 /* Copy www directory */ = {
			isa = PBXShellScriptBuildPhase;
			buildActionMask = 2147483647;
			files = (
			);
			inputPaths = (
			);
			name = "Copy www directory";
			outputPaths = (
			);
			runOnlyForDeploymentPostprocessing = 0;
			shellPath = /bin/sh;
			shellScript = "NODEJS_PATH=/usr/local/bin; NVM_NODE_PATH=~/.nvm/versions/node/`nvm version 2>/dev/null`/bin; N_NODE_PATH=`find /usr/local/n/versions/node/* -maxdepth 0 -type d 2>/dev/null | tail -1`/bin; XCODE_NODE_PATH=`xcode-select --print-path`/usr/share/xcs/Node/bin; PATH=$NODEJS_PATH:$NVM_NODE_PATH:$N_NODE_PATH:$XCODE_NODE_PATH:$PATH && node cordova/lib/copy-www-build-step.js";
			showEnvVarsInLog = 0;
		};
/* End PBXShellScriptBuildPhase section */

/* Begin PBXSourcesBuildPhase section */
		1D60588E0D05DD3D006BFB54 /* Sources */ = {
			isa = PBXSourcesBuildPhase;
			buildActionMask = 2147483647;
			files = (
				1D60589B0D05DD56006BFB54 /* main.m in Sources */,
				1D3623260D0F684500981E51 /* AppDelegate.m in Sources */,
				302D95F114D2391D003F00A1 /* MainViewController.m in Sources */,
				CC19995B580544D3919372D1 /* PhotoViewer.m in Sources */,
				6B620DEBEBBD4B328251E321 /* NativePageTransitions.m in Sources */,
				4592BEDD44184540A8DB82E8 /* AppDelegate+nativepagetransitions.m in Sources */,
				BF92DCF2FAD04FE8BB6495A9 /* UIImage+CropScaleOrientation.m in Sources */,
				28B272F227954102B81DA4DB /* CDVCamera.m in Sources */,
				E8C2854A217643658F151848 /* CDVJpegHeaderWriter.m in Sources */,
				819D93695B814518B6B53F1D /* CDVDevice.m in Sources */,
				DA91239305E74CFEA7293225 /* CDVFile.m in Sources */,
				B5C28218E528496294640E94 /* CDVLocalFilesystem.m in Sources */,
				F96B8623454E40B1B0190686 /* CDVAssetLibraryFilesystem.m in Sources */,
				705F09C9A7FC446EAA040671 /* CDVFileTransfer.m in Sources */,
				BCFDC59D72C34FD2AF3E5AA6 /* CDVLocation.m in Sources */,
				BB0F82B84EB44C4A8AEAD132 /* CDVInAppBrowser.m in Sources */,
				99BD6B49718E458DA33BDB95 /* CDVIonicKeyboard.m in Sources */,
				97B0536F3FFE4FAC85A871D0 /* CDVWKWebViewEngine.m in Sources */,
				5021106286C145DF95BBB8B1 /* CDVWKWebViewUIDelegate.m in Sources */,
				BC286603B0EA49E2B8F72126 /* CDVWKProcessPoolFactory.m in Sources */,
				B3933FF1FFE84028969862B6 /* GCDWebServer.m in Sources */,
				C7012C7766D74D9B9DE6D8D4 /* GCDWebServerConnection.m in Sources */,
				6BFF81B6583C4631A6D49A74 /* GCDWebServerFunctions.m in Sources */,
				BCA769F1417F4216ABA1F3AF /* GCDWebServerRequest.m in Sources */,
				94107F0EF77046DCB5F3E81C /* GCDWebServerResponse.m in Sources */,
				405698FE229241D3AE123F4B /* GCDWebServerDataRequest.m in Sources */,
				ED13EF1008C34B87966DAEDA /* GCDWebServerFileRequest.m in Sources */,
				03892910C45B408699B0E054 /* GCDWebServerMultiPartFormRequest.m in Sources */,
				786D7CC205D54ED1B45BDCC5 /* GCDWebServerURLEncodedFormRequest.m in Sources */,
				F43C7520411342B0BB619A2B /* GCDWebServerDataResponse.m in Sources */,
				A2C1E564DC6E4BE08C019740 /* GCDWebServerErrorResponse.m in Sources */,
				C9A8B3CA79084A5FBCBC91D4 /* GCDWebServerFileResponse.m in Sources */,
				18E70B7349274466A8D1A86B /* GCDWebServerStreamedResponse.m in Sources */,
				481D6339EAD84BF9A2B47B0D /* CDVConnection.m in Sources */,
				21DD56B9ED964EB2BA9AD9EC /* CDVReachability.m in Sources */,
				606B41BEE47042E489DB951F /* CDVOrientation.m in Sources */,
				B60D38BB5BB84BE2B5BAB97B /* CDVSplashScreen.m in Sources */,
				580B71B7F7C742AFB7239230 /* CDVViewController+SplashScreen.m in Sources */,
				715725C122054FD9AB267096 /* CDVStatusBar.m in Sources */,
				9F51F4CDEA6F49109B9E58F1 /* NSString+SSURLEncoding.m in Sources */,
				62F8883BD77842B6A191B3DF /* SocialSharing.m in Sources */,
				7A8BAD7A76824278BFAAFABE /* SQLitePlugin.m in Sources */,
				3C0FD77516E141B2BE519F32 /* PSPDFThreadSafeMutableDictionary.m in Sources */,
				65C79254B2CC498EAEB57A1C /* sqlite3.c in Sources */,
				272B2A4E97AF4BA4A7FF3AAE /* ImageResizer.m in Sources */,
			);
			runOnlyForDeploymentPostprocessing = 0;
		};
/* End PBXSourcesBuildPhase section */

/* Begin PBXTargetDependency section */
		301BF551109A68C00062928A /* PBXTargetDependency */ = {
			isa = PBXTargetDependency;
			name = CordovaLib;
			targetProxy = 301BF550109A68C00062928A /* PBXContainerItemProxy */;
		};
/* End PBXTargetDependency section */

/* Begin XCBuildConfiguration section */
		1D6058940D05DD3E006BFB54 /* Debug */ = {
			isa = XCBuildConfiguration;
			baseConfigurationReference = 3047A50F1AB8059700498E2A /* build-debug.xcconfig */;
			buildSettings = {
				ALWAYS_SEARCH_USER_PATHS = NO;
				ASSETCATALOG_COMPILER_APPICON_NAME = AppIcon;
				ASSETCATALOG_COMPILER_LAUNCHIMAGE_NAME = LaunchImage;
				CLANG_ENABLE_MODULES = YES;
				CLANG_ENABLE_OBJC_ARC = YES;
				COPY_PHASE_STRIP = NO;
				DEVELOPMENT_TEAM = 2DQHUB67N4;
				GCC_DYNAMIC_NO_PIC = NO;
				GCC_OPTIMIZATION_LEVEL = 0;
				GCC_PRECOMPILE_PREFIX_HEADER = YES;
				GCC_PREFIX_HEADER = "NewsAge/NewsAge-Prefix.pch";
				GCC_THUMB_SUPPORT = NO;
				GCC_VERSION = "";
				INFOPLIST_FILE = "NewsAge/NewsAge-Info.plist";
				IPHONEOS_DEPLOYMENT_TARGET = 9.0;
				LD_RUNPATH_SEARCH_PATHS = "@executable_path/Frameworks";
				PRODUCT_NAME = NewsAge;
				TARGETED_DEVICE_FAMILY = "1,2";
			};
			name = Debug;
		};
		1D6058950D05DD3E006BFB54 /* Release */ = {
			isa = XCBuildConfiguration;
			baseConfigurationReference = 3047A5101AB8059700498E2A /* build-release.xcconfig */;
			buildSettings = {
				ALWAYS_SEARCH_USER_PATHS = NO;
				ASSETCATALOG_COMPILER_APPICON_NAME = AppIcon;
				ASSETCATALOG_COMPILER_LAUNCHIMAGE_NAME = LaunchImage;
				CLANG_ENABLE_MODULES = YES;
				CLANG_ENABLE_OBJC_ARC = YES;
				COPY_PHASE_STRIP = YES;
				DEVELOPMENT_TEAM = 2DQHUB67N4;
				GCC_PRECOMPILE_PREFIX_HEADER = YES;
				GCC_PREFIX_HEADER = "NewsAge/NewsAge-Prefix.pch";
				GCC_THUMB_SUPPORT = NO;
				GCC_VERSION = "";
				INFOPLIST_FILE = "NewsAge/NewsAge-Info.plist";
				IPHONEOS_DEPLOYMENT_TARGET = 9.0;
				LD_RUNPATH_SEARCH_PATHS = "@executable_path/Frameworks";
				PRODUCT_NAME = NewsAge;
				TARGETED_DEVICE_FAMILY = "1,2";
			};
			name = Release;
		};
		C01FCF4F08A954540054247B /* Debug */ = {
			isa = XCBuildConfiguration;
			baseConfigurationReference = 3047A5111AB8059700498E2A /* build.xcconfig */;
			buildSettings = {
				CLANG_ENABLE_MODULES = YES;
				CLANG_ENABLE_OBJC_ARC = YES;
				CLANG_WARN_BOOL_CONVERSION = YES;
				CLANG_WARN_CONSTANT_CONVERSION = YES;
				CLANG_WARN_EMPTY_BODY = YES;
				CLANG_WARN_ENUM_CONVERSION = YES;
				CLANG_WARN_INT_CONVERSION = YES;
				CLANG_WARN__DUPLICATE_METHOD_MATCH = YES;
				GCC_C_LANGUAGE_STANDARD = c99;
				GCC_THUMB_SUPPORT = NO;
				GCC_VERSION = "";
				GCC_WARN_ABOUT_RETURN_TYPE = YES;
				GCC_WARN_UNDECLARED_SELECTOR = YES;
				GCC_WARN_UNINITIALIZED_AUTOS = YES;
				GCC_WARN_UNUSED_FUNCTION = YES;
				GCC_WARN_UNUSED_VARIABLE = YES;
				ONLY_ACTIVE_ARCH = YES;
				SDKROOT = iphoneos;
				SKIP_INSTALL = NO;
			};
			name = Debug;
		};
		C01FCF5008A954540054247B /* Release */ = {
			isa = XCBuildConfiguration;
			baseConfigurationReference = 3047A5111AB8059700498E2A /* build.xcconfig */;
			buildSettings = {
				CLANG_ENABLE_MODULES = YES;
				CLANG_ENABLE_OBJC_ARC = YES;
				CLANG_WARN_BOOL_CONVERSION = YES;
				CLANG_WARN_CONSTANT_CONVERSION = YES;
				CLANG_WARN_EMPTY_BODY = YES;
				CLANG_WARN_ENUM_CONVERSION = YES;
				CLANG_WARN_INT_CONVERSION = YES;
				CLANG_WARN__DUPLICATE_METHOD_MATCH = YES;
				GCC_C_LANGUAGE_STANDARD = c99;
				GCC_THUMB_SUPPORT = NO;
				GCC_VERSION = "";
				GCC_WARN_ABOUT_RETURN_TYPE = YES;
				GCC_WARN_UNDECLARED_SELECTOR = YES;
				GCC_WARN_UNINITIALIZED_AUTOS = YES;
				GCC_WARN_UNUSED_FUNCTION = YES;
				GCC_WARN_UNUSED_VARIABLE = YES;
				SDKROOT = iphoneos;
				SKIP_INSTALL = NO;
			};
			name = Release;
		};
/* End XCBuildConfiguration section */

/* Begin XCConfigurationList section */
		1D6058960D05DD3E006BFB54 /* Build configuration list for PBXNativeTarget "NewsAge" */ = {
			isa = XCConfigurationList;
			buildConfigurations = (
				1D6058940D05DD3E006BFB54 /* Debug */,
				1D6058950D05DD3E006BFB54 /* Release */,
			);
			defaultConfigurationIsVisible = 0;
			defaultConfigurationName = Release;
		};
		C01FCF4E08A954540054247B /* Build configuration list for PBXProject "NewsAge" */ = {
			isa = XCConfigurationList;
			buildConfigurations = (
				C01FCF4F08A954540054247B /* Debug */,
				C01FCF5008A954540054247B /* Release */,
			);
			defaultConfigurationIsVisible = 0;
			defaultConfigurationName = Release;
		};
/* End XCConfigurationList section */
	};
	rootObject = 29B97313FDCFA39411CA2CEA /* Project object */;
}
