// !$*UTF8*$!
{
	archiveVersion = 1;
	classes = {
	};
	objectVersion = 46;
	objects = {
/* Begin PBXBuildFile section */
		0207DA581B56EA530066E2B4 /* Images.xcassets in Resources */ = {isa = PBXBuildFile; fileRef = 0207DA571B56EA530066E2B4 /* Images.xcassets */; };
		1D3623260D0F684500981E51 /* AppDelegate.m in Sources */ = {isa = PBXBuildFile; fileRef = 1D3623250D0F684500981E51 /* AppDelegate.m */; };
		1D60589B0D05DD56006BFB54 /* main.m in Sources */ = {isa = PBXBuildFile; fileRef = 29B97316FDCFA39411CA2CEA /* main.m */; };
		301BF552109A68D80062928A /* libCordova.a in Frameworks */ = {isa = PBXBuildFile; fileRef = 301BF535109A57CC0062928A /* libCordova.a */; };
		302D95F114D2391D003F00A1 /* MainViewController.m in Sources */ = {isa = PBXBuildFile; fileRef = 302D95EF14D2391D003F00A1 /* MainViewController.m */; };
		302D95F214D2391D003F00A1 /* MainViewController.xib in Resources */ = {isa = PBXBuildFile; fileRef = 302D95F014D2391D003F00A1 /* MainViewController.xib */; };
		3047A5121AB8059700498E2A /* build-debug.xcconfig in Resources */ = {isa = PBXBuildFile; fileRef = 3047A50F1AB8059700498E2A /* build-debug.xcconfig */; };
		3047A5131AB8059700498E2A /* build-release.xcconfig in Resources */ = {isa = PBXBuildFile; fileRef = 3047A5101AB8059700498E2A /* build-release.xcconfig */; };
		3047A5141AB8059700498E2A /* build.xcconfig in Resources */ = {isa = PBXBuildFile; fileRef = 3047A5111AB8059700498E2A /* build.xcconfig */; };
		6AFF5BF91D6E424B00AB3073 /* CDVLaunchScreen.storyboard in Resources */ = {isa = PBXBuildFile; fileRef = 6AFF5BF81D6E424B00AB3073 /* CDVLaunchScreen.storyboard */; };
		18D49DB6FF804D3C995BFE8B /* NativePageTransitions.m in Sources */ = {isa = PBXBuildFile; fileRef = B6D0416153484CE7979C6935 /* NativePageTransitions.m */; };
		02DB0F6853C54D539DDA7776 /* AppDelegate+nativepagetransitions.m in Sources */ = {isa = PBXBuildFile; fileRef = 1FABE8278EFF40B9AD7A2EFC /* AppDelegate+nativepagetransitions.m */; };
		F31ECAF5993247B3A8AB12D9 /* UIImage+CropScaleOrientation.m in Sources */ = {isa = PBXBuildFile; fileRef = 378118CB621A47D5ABDA0453 /* UIImage+CropScaleOrientation.m */; };
		759B29B6FD9D4F35A0EF3D3B /* CDVCamera.m in Sources */ = {isa = PBXBuildFile; fileRef = 07E22DF77CCD424F95CD3DF6 /* CDVCamera.m */; };
		3AABFDBD19854F9FB05A51CF /* CDVJpegHeaderWriter.m in Sources */ = {isa = PBXBuildFile; fileRef = A15D47328BBC4462A0ED2BDA /* CDVJpegHeaderWriter.m */; };
		8B40EAA00D7D4AB8A17C38B0 /* ImageIO.framework in Frameworks */ = {isa = PBXBuildFile; fileRef = 98EBD542BF794A0F86E29BC7 /* ImageIO.framework */; settings = {ATTRIBUTES = (Weak, ); }; };
		5CCC0D8712184D0E81C005F1 /* CoreLocation.framework in Frameworks */ = {isa = PBXBuildFile; fileRef = 1E5EFCC4D85049378DBFFBE7 /* CoreLocation.framework */; };
		15C1931D4B1A4CCDB5C709EA /* AVFoundation.framework in Frameworks */ = {isa = PBXBuildFile; fileRef = 78C45B46D77149788A2B5E84 /* AVFoundation.framework */; };
		C3235A25B5774DA78355081D /* CDVDevice.m in Sources */ = {isa = PBXBuildFile; fileRef = 5B88DEF823424CBB83956DF0 /* CDVDevice.m */; };
		012EAE2CC0194EA79E7A3681 /* CDVFile.m in Sources */ = {isa = PBXBuildFile; fileRef = 61C9DC8970A64827AE2F48E5 /* CDVFile.m */; };
		D99BA1D93F014CD4B8981C1B /* CDVLocalFilesystem.m in Sources */ = {isa = PBXBuildFile; fileRef = FC9FCD9FE44D498DA5E1D7BD /* CDVLocalFilesystem.m */; };
		CDCB515FFAAE4781B4DC4596 /* CDVAssetLibraryFilesystem.m in Sources */ = {isa = PBXBuildFile; fileRef = 5631115775A74E23A3CC03FA /* CDVAssetLibraryFilesystem.m */; };
		AB48A5D8B7994966928EFD1B /* CDVFileTransfer.m in Sources */ = {isa = PBXBuildFile; fileRef = 8FD093388D49414789680633 /* CDVFileTransfer.m */; };
		51E08BC79E8044D488B0C477 /* CDVInAppBrowser.m in Sources */ = {isa = PBXBuildFile; fileRef = E73F8EC19CC240DC82613331 /* CDVInAppBrowser.m */; };
		679C52474A114AE9B18B7D60 /* CDVIonicKeyboard.m in Sources */ = {isa = PBXBuildFile; fileRef = 4ECB35149B5A43E9AB31236F /* CDVIonicKeyboard.m */; };
		32CEF9B459E745E7893F0090 /* CDVWKWebViewEngine.m in Sources */ = {isa = PBXBuildFile; fileRef = 61ED9072823746079BD22CD9 /* CDVWKWebViewEngine.m */; };
		6C1D798422AE46629E1E68A8 /* CDVWKWebViewUIDelegate.m in Sources */ = {isa = PBXBuildFile; fileRef = AAE4838FFD7742BDB6660118 /* CDVWKWebViewUIDelegate.m */; };
		F3CBB5B5A741482693956C50 /* CDVWKProcessPoolFactory.m in Sources */ = {isa = PBXBuildFile; fileRef = 1AD590B6B63942D8AD3D0FF4 /* CDVWKProcessPoolFactory.m */; };
		43E69FDA0AA84D2A8A6D9E7F /* GCDWebServer.m in Sources */ = {isa = PBXBuildFile; fileRef = 0C0BD5411FA14742BEDBA8AC /* GCDWebServer.m */; };
		D5CC42E78E2C4D10AC5AD79E /* GCDWebServerConnection.m in Sources */ = {isa = PBXBuildFile; fileRef = DE62964A652F43ED894B5743 /* GCDWebServerConnection.m */; };
		405B548EEC8244299FEC5FE5 /* GCDWebServerFunctions.m in Sources */ = {isa = PBXBuildFile; fileRef = B911BB311F0E4E369BE8A773 /* GCDWebServerFunctions.m */; };
		8E8EB2B618B54F4683D178D1 /* GCDWebServerRequest.m in Sources */ = {isa = PBXBuildFile; fileRef = 708F9B7EF5E649A3BBCF4F0F /* GCDWebServerRequest.m */; };
		EDB12D688D1E4E13A35F9472 /* GCDWebServerResponse.m in Sources */ = {isa = PBXBuildFile; fileRef = C249D9760AF148A2A32BCAC8 /* GCDWebServerResponse.m */; };
		2B83E85434344BE8A9875F6D /* GCDWebServerDataRequest.m in Sources */ = {isa = PBXBuildFile; fileRef = 3CBB2ACA209B4BD2A405929C /* GCDWebServerDataRequest.m */; };
		1F0DCF99218F4D548B24E9B2 /* GCDWebServerFileRequest.m in Sources */ = {isa = PBXBuildFile; fileRef = A0352F2AB76B4F929BE573A9 /* GCDWebServerFileRequest.m */; };
		92B524698EA34816A81194F4 /* GCDWebServerMultiPartFormRequest.m in Sources */ = {isa = PBXBuildFile; fileRef = 1A6178D34A8D4639B0DF51E3 /* GCDWebServerMultiPartFormRequest.m */; };
		62C855633565454BB8C55FAF /* GCDWebServerURLEncodedFormRequest.m in Sources */ = {isa = PBXBuildFile; fileRef = 5E82B47AB98248CBAC8F8589 /* GCDWebServerURLEncodedFormRequest.m */; };
		119AC0F54D0E443F8BC17659 /* GCDWebServerDataResponse.m in Sources */ = {isa = PBXBuildFile; fileRef = 89C33011D169411F8D319239 /* GCDWebServerDataResponse.m */; };
		23AD945AAE5C4BCF805E560C /* GCDWebServerErrorResponse.m in Sources */ = {isa = PBXBuildFile; fileRef = CBF932848A0A47C2A339AA83 /* GCDWebServerErrorResponse.m */; };
		FDF25FE5B6804DCD8414F81E /* GCDWebServerFileResponse.m in Sources */ = {isa = PBXBuildFile; fileRef = 5E0A39DE6C7C495F975390AF /* GCDWebServerFileResponse.m */; };
		3715D02B3DA040BBAA49449C /* GCDWebServerStreamedResponse.m in Sources */ = {isa = PBXBuildFile; fileRef = 6242DD41D06F4475AFC33EDD /* GCDWebServerStreamedResponse.m */; };
		255BF05079704D48A33687DC /* WebKit.framework in Frameworks */ = {isa = PBXBuildFile; fileRef = D3ABBD503CED4929844CF0F6 /* WebKit.framework */; settings = {ATTRIBUTES = (Weak, ); }; };
		3CFDE935A3374A0BBC4F9D93 /* libz.tbd in Frameworks */ = {isa = PBXBuildFile; fileRef = 9345E131AD4E4CDC9AABF70B /* libz.tbd */; };
		5F5559DD91394CBA89C5420F /* CDVConnection.m in Sources */ = {isa = PBXBuildFile; fileRef = 05E18A51950E41568DDF9D1A /* CDVConnection.m */; };
		CE45061996D54052813DAB10 /* CDVReachability.m in Sources */ = {isa = PBXBuildFile; fileRef = C2209D4C6AF448BCB4ED2A8E /* CDVReachability.m */; };
		05D37FE7CC50446CA1C6D433 /* SystemConfiguration.framework in Frameworks */ = {isa = PBXBuildFile; fileRef = 4AAF488C13E148AA9F81EE86 /* SystemConfiguration.framework */; settings = {ATTRIBUTES = (Weak, ); }; };
		2DF25EEB95244FC39609BFCE /* CoreTelephony.framework in Frameworks */ = {isa = PBXBuildFile; fileRef = 6E7B6FB4FD594D479CCE6A31 /* CoreTelephony.framework */; };
		B48FE3A34D974C4CACB52125 /* CDVOrientation.m in Sources */ = {isa = PBXBuildFile; fileRef = 2A29A3AD76BF4F86A4542E22 /* CDVOrientation.m */; };
		90E773362B4944D9B0627776 /* CDVSplashScreen.m in Sources */ = {isa = PBXBuildFile; fileRef = 45F80ADD952B4EF597F863C4 /* CDVSplashScreen.m */; };
		2EBF79BA1D2B4EDEB5AB1D3F /* CDVViewController+SplashScreen.m in Sources */ = {isa = PBXBuildFile; fileRef = 8E9DC2BB39FB4634AB5DFA4C /* CDVViewController+SplashScreen.m */; };
		8C45C72A76AE4D17B5506CA2 /* CDVStatusBar.m in Sources */ = {isa = PBXBuildFile; fileRef = CA57AC7137D84C659140A6DA /* CDVStatusBar.m */; };
		6DE1B8470C874503B9DDE63C /* NSString+SSURLEncoding.m in Sources */ = {isa = PBXBuildFile; fileRef = 51AC529330DB41B48F7E5039 /* NSString+SSURLEncoding.m */; };
		28E7E8B44E0B4FFFAD81E868 /* SocialSharing.m in Sources */ = {isa = PBXBuildFile; fileRef = 31885CD3E5454745969CA8A1 /* SocialSharing.m */; };
		1904C7EC67064C4CBB460926 /* Social.framework in Frameworks */ = {isa = PBXBuildFile; fileRef = BF4C9963BFF9432A8D106BB2 /* Social.framework */; settings = {ATTRIBUTES = (Weak, ); }; };
		B6BDA3C90F5A4A3CBC7B4D39 /* MessageUI.framework in Frameworks */ = {isa = PBXBuildFile; fileRef = 7344137606E24E8B8DBC7ABF /* MessageUI.framework */; settings = {ATTRIBUTES = (Weak, ); }; };
		06F984FC3BD3427A8BBF0DA7 /* ImageResizer.m in Sources */ = {isa = PBXBuildFile; fileRef = 1B06199AB9DB438D8D008490 /* ImageResizer.m */; };
		39311E07CC7249BEA350C1D5 /* IonicKeyboard.m in Sources */ = {isa = PBXBuildFile; fileRef = 43B72F47BDED465E9C694521 /* IonicKeyboard.m */; };
/* End PBXBuildFile section */

/* Begin PBXContainerItemProxy section */
		301BF534109A57CC0062928A /* PBXContainerItemProxy */ = {
			isa = PBXContainerItemProxy;
			containerPortal = 301BF52D109A57CC0062928A /* CordovaLib.xcodeproj */;
			proxyType = 2;
			remoteGlobalIDString = D2AAC07E0554694100DB518D;
			remoteInfo = CordovaLib;
		};
		301BF550109A68C00062928A /* PBXContainerItemProxy */ = {
			isa = PBXContainerItemProxy;
			containerPortal = 301BF52D109A57CC0062928A /* CordovaLib.xcodeproj */;
			proxyType = 1;
			remoteGlobalIDString = D2AAC07D0554694100DB518D;
			remoteInfo = CordovaLib;
		};
/* End PBXContainerItemProxy section */

/* Begin PBXFileReference section */
		0207DA571B56EA530066E2B4 /* Images.xcassets */ = {isa = PBXFileReference; lastKnownFileType = folder.assetcatalog; name = Images.xcassets; path = "NewsAge/Images.xcassets"; sourceTree = SOURCE_ROOT; };
		1D3623240D0F684500981E51 /* AppDelegate.h */ = {isa = PBXFileReference; fileEncoding = 4; lastKnownFileType = sourcecode.c.h; path = AppDelegate.h; sourceTree = "<group>"; };
		1D3623250D0F684500981E51 /* AppDelegate.m */ = {isa = PBXFileReference; fileEncoding = 4; lastKnownFileType = sourcecode.c.objc; path = AppDelegate.m; sourceTree = "<group>"; };
		1D6058910D05DD3D006BFB54 /* NewsAge.app */ = {isa = PBXFileReference; explicitFileType = wrapper.application; includeInIndex = 0; path = "NewsAge.app"; sourceTree = BUILT_PRODUCTS_DIR; };
		29B97316FDCFA39411CA2CEA /* main.m */ = {isa = PBXFileReference; fileEncoding = 4; lastKnownFileType = sourcecode.c.objc; path = main.m; sourceTree = "<group>"; };
		301BF52D109A57CC0062928A /* CordovaLib.xcodeproj */ = {isa = PBXFileReference; lastKnownFileType = "wrapper.pb-project"; path = CordovaLib/CordovaLib.xcodeproj; sourceTree = "<group>"; };
		301BF56E109A69640062928A /* www */ = {isa = PBXFileReference; lastKnownFileType = folder; path = www; sourceTree = SOURCE_ROOT; };
		302D95EE14D2391D003F00A1 /* MainViewController.h */ = {isa = PBXFileReference; fileEncoding = 4; lastKnownFileType = sourcecode.c.h; path = MainViewController.h; sourceTree = "<group>"; };
		302D95EF14D2391D003F00A1 /* MainViewController.m */ = {isa = PBXFileReference; fileEncoding = 4; lastKnownFileType = sourcecode.c.objc; path = MainViewController.m; sourceTree = "<group>"; };
		302D95F014D2391D003F00A1 /* MainViewController.xib */ = {isa = PBXFileReference; fileEncoding = 4; lastKnownFileType = file.xib; path = MainViewController.xib; sourceTree = "<group>"; };
		3047A50F1AB8059700498E2A /* build-debug.xcconfig */ = {isa = PBXFileReference; fileEncoding = 4; lastKnownFileType = text.xcconfig; name = "build-debug.xcconfig"; path = cordova/build-debug.xcconfig; sourceTree = SOURCE_ROOT; };
		3047A5101AB8059700498E2A /* build-release.xcconfig */ = {isa = PBXFileReference; fileEncoding = 4; lastKnownFileType = text.xcconfig; name = "build-release.xcconfig"; path = cordova/build-release.xcconfig; sourceTree = SOURCE_ROOT; };
		3047A5111AB8059700498E2A /* build.xcconfig */ = {isa = PBXFileReference; fileEncoding = 4; lastKnownFileType = text.xcconfig; name = build.xcconfig; path = cordova/build.xcconfig; sourceTree = SOURCE_ROOT; };
		32CA4F630368D1EE00C91783 /* NewsAge-Prefix.pch */ = {isa = PBXFileReference; fileEncoding = 4; lastKnownFileType = sourcecode.c.h; path = "NewsAge-Prefix.pch"; sourceTree = "<group>"; };
		6AFF5BF81D6E424B00AB3073 /* CDVLaunchScreen.storyboard */ = {isa = PBXFileReference; fileEncoding = 4; lastKnownFileType = file.storyboard; name = CDVLaunchScreen.storyboard; path = "NewsAge/CDVLaunchScreen.storyboard"; sourceTree = SOURCE_ROOT; };
		8D1107310486CEB800E47090 /* NewsAge-Info.plist */ = {isa = PBXFileReference; fileEncoding = 4; lastKnownFileType = text.plist.xml; name = "NewsAge-Info.plist"; path = "NewsAge/NewsAge-Info.plist"; plistStructureDefinitionIdentifier = "com.apple.xcode.plist.structure-definition.iphone.info-plist"; sourceTree = SOURCE_ROOT; };
		EB87FDF31871DA8E0020F90C /* www */ = {isa = PBXFileReference; lastKnownFileType = folder; name = www; path = ../../www; sourceTree = "<group>"; };
		EB87FDF41871DAF40020F90C /* config.xml */ = {isa = PBXFileReference; lastKnownFileType = text.xml; name = config.xml; path = ../../config.xml; sourceTree = "<group>"; };
		F840E1F0165FE0F500CFE078 /* config.xml */ = {isa = PBXFileReference; lastKnownFileType = text.xml; name = config.xml; path = "NewsAge/config.xml"; sourceTree = "<group>"; };
		ED33DF2A687741AEAF9F8254 /* Bridging-Header.h */ = {isa = PBXFileReference; fileEncoding = 4; lastKnownFileType = sourcecode.c.h; name = "Bridging-Header.h"; path = "Bridging-Header.h"; sourceTree = "<group>"; };
		B6D0416153484CE7979C6935 /* NativePageTransitions.m */ = {isa = PBXFileReference; name = "NativePageTransitions.m"; path = "com.telerik.plugins.nativepagetransitions/NativePageTransitions.m"; sourceTree = "<group>"; fileEncoding = 4; lastKnownFileType = sourcecode.c.objc; explicitFileType = undefined; includeInIndex = 0; };
		1FABE8278EFF40B9AD7A2EFC /* AppDelegate+nativepagetransitions.m */ = {isa = PBXFileReference; name = "AppDelegate+nativepagetransitions.m"; path = "com.telerik.plugins.nativepagetransitions/AppDelegate+nativepagetransitions.m"; sourceTree = "<group>"; fileEncoding = 4; lastKnownFileType = sourcecode.c.objc; explicitFileType = undefined; includeInIndex = 0; };
		07B7125A52114C85BEB2DD1B /* NativePageTransitions.h */ = {isa = PBXFileReference; name = "NativePageTransitions.h"; path = "com.telerik.plugins.nativepagetransitions/NativePageTransitions.h"; sourceTree = "<group>"; fileEncoding = 4; lastKnownFileType = sourcecode.c.h; explicitFileType = undefined; includeInIndex = 0; };
		E26AC449778A4221BA1CB922 /* AppDelegate+nativepagetransitions.h */ = {isa = PBXFileReference; name = "AppDelegate+nativepagetransitions.h"; path = "com.telerik.plugins.nativepagetransitions/AppDelegate+nativepagetransitions.h"; sourceTree = "<group>"; fileEncoding = 4; lastKnownFileType = sourcecode.c.h; explicitFileType = undefined; includeInIndex = 0; };
		378118CB621A47D5ABDA0453 /* UIImage+CropScaleOrientation.m */ = {isa = PBXFileReference; name = "UIImage+CropScaleOrientation.m"; path = "cordova-plugin-camera/UIImage+CropScaleOrientation.m"; sourceTree = "<group>"; fileEncoding = 4; lastKnownFileType = sourcecode.c.objc; explicitFileType = undefined; includeInIndex = 0; };
		07E22DF77CCD424F95CD3DF6 /* CDVCamera.m */ = {isa = PBXFileReference; name = "CDVCamera.m"; path = "cordova-plugin-camera/CDVCamera.m"; sourceTree = "<group>"; fileEncoding = 4; lastKnownFileType = sourcecode.c.objc; explicitFileType = undefined; includeInIndex = 0; };
		A15D47328BBC4462A0ED2BDA /* CDVJpegHeaderWriter.m */ = {isa = PBXFileReference; name = "CDVJpegHeaderWriter.m"; path = "cordova-plugin-camera/CDVJpegHeaderWriter.m"; sourceTree = "<group>"; fileEncoding = 4; lastKnownFileType = sourcecode.c.objc; explicitFileType = undefined; includeInIndex = 0; };
		0E96E3CE502D46D98D5A5515 /* UIImage+CropScaleOrientation.h */ = {isa = PBXFileReference; name = "UIImage+CropScaleOrientation.h"; path = "cordova-plugin-camera/UIImage+CropScaleOrientation.h"; sourceTree = "<group>"; fileEncoding = 4; lastKnownFileType = sourcecode.c.h; explicitFileType = undefined; includeInIndex = 0; };
		A3C165A1ABCA4E3C8519F134 /* CDVCamera.h */ = {isa = PBXFileReference; name = "CDVCamera.h"; path = "cordova-plugin-camera/CDVCamera.h"; sourceTree = "<group>"; fileEncoding = 4; lastKnownFileType = sourcecode.c.h; explicitFileType = undefined; includeInIndex = 0; };
		EDDC2923D76E4919A5CCB1EC /* CDVJpegHeaderWriter.h */ = {isa = PBXFileReference; name = "CDVJpegHeaderWriter.h"; path = "cordova-plugin-camera/CDVJpegHeaderWriter.h"; sourceTree = "<group>"; fileEncoding = 4; lastKnownFileType = sourcecode.c.h; explicitFileType = undefined; includeInIndex = 0; };
		68BA2EC5266F469F89748B7D /* CDVExif.h */ = {isa = PBXFileReference; name = "CDVExif.h"; path = "cordova-plugin-camera/CDVExif.h"; sourceTree = "<group>"; fileEncoding = 4; lastKnownFileType = sourcecode.c.h; explicitFileType = undefined; includeInIndex = 0; };
		98EBD542BF794A0F86E29BC7 /* ImageIO.framework */ = {isa = PBXFileReference; name = "ImageIO.framework"; path = "System/Library/Frameworks/ImageIO.framework"; sourceTree = SDKROOT; fileEncoding = undefined; lastKnownFileType = wrapper.framework; explicitFileType = undefined; includeInIndex = 0; };
		1E5EFCC4D85049378DBFFBE7 /* CoreLocation.framework */ = {isa = PBXFileReference; name = "CoreLocation.framework"; path = "System/Library/Frameworks/CoreLocation.framework"; sourceTree = SDKROOT; fileEncoding = undefined; lastKnownFileType = wrapper.framework; explicitFileType = undefined; includeInIndex = 0; };
		78C45B46D77149788A2B5E84 /* AVFoundation.framework */ = {isa = PBXFileReference; name = "AVFoundation.framework"; path = "System/Library/Frameworks/AVFoundation.framework"; sourceTree = SDKROOT; fileEncoding = undefined; lastKnownFileType = wrapper.framework; explicitFileType = undefined; includeInIndex = 0; };
		5B88DEF823424CBB83956DF0 /* CDVDevice.m */ = {isa = PBXFileReference; name = "CDVDevice.m"; path = "cordova-plugin-device/CDVDevice.m"; sourceTree = "<group>"; fileEncoding = 4; lastKnownFileType = sourcecode.c.objc; explicitFileType = undefined; includeInIndex = 0; };
		9E89B04F06EB4F1C884D307B /* CDVDevice.h */ = {isa = PBXFileReference; name = "CDVDevice.h"; path = "cordova-plugin-device/CDVDevice.h"; sourceTree = "<group>"; fileEncoding = 4; lastKnownFileType = sourcecode.c.h; explicitFileType = undefined; includeInIndex = 0; };
		61C9DC8970A64827AE2F48E5 /* CDVFile.m */ = {isa = PBXFileReference; name = "CDVFile.m"; path = "cordova-plugin-file/CDVFile.m"; sourceTree = "<group>"; fileEncoding = 4; lastKnownFileType = sourcecode.c.objc; explicitFileType = undefined; includeInIndex = 0; };
		FC9FCD9FE44D498DA5E1D7BD /* CDVLocalFilesystem.m */ = {isa = PBXFileReference; name = "CDVLocalFilesystem.m"; path = "cordova-plugin-file/CDVLocalFilesystem.m"; sourceTree = "<group>"; fileEncoding = 4; lastKnownFileType = sourcecode.c.objc; explicitFileType = undefined; includeInIndex = 0; };
		5631115775A74E23A3CC03FA /* CDVAssetLibraryFilesystem.m */ = {isa = PBXFileReference; name = "CDVAssetLibraryFilesystem.m"; path = "cordova-plugin-file/CDVAssetLibraryFilesystem.m"; sourceTree = "<group>"; fileEncoding = 4; lastKnownFileType = sourcecode.c.objc; explicitFileType = undefined; includeInIndex = 0; };
		076B009D558D44F395486A32 /* CDVFile.h */ = {isa = PBXFileReference; name = "CDVFile.h"; path = "cordova-plugin-file/CDVFile.h"; sourceTree = "<group>"; fileEncoding = 4; lastKnownFileType = sourcecode.c.h; explicitFileType = undefined; includeInIndex = 0; };
		210C1FFCA0514AB7BB03F5C5 /* CDVLocalFilesystem.h */ = {isa = PBXFileReference; name = "CDVLocalFilesystem.h"; path = "cordova-plugin-file/CDVLocalFilesystem.h"; sourceTree = "<group>"; fileEncoding = 4; lastKnownFileType = sourcecode.c.h; explicitFileType = undefined; includeInIndex = 0; };
		ED509B3E0DF04297AD29E01F /* CDVAssetLibraryFilesystem.h */ = {isa = PBXFileReference; name = "CDVAssetLibraryFilesystem.h"; path = "cordova-plugin-file/CDVAssetLibraryFilesystem.h"; sourceTree = "<group>"; fileEncoding = 4; lastKnownFileType = sourcecode.c.h; explicitFileType = undefined; includeInIndex = 0; };
		8FD093388D49414789680633 /* CDVFileTransfer.m */ = {isa = PBXFileReference; name = "CDVFileTransfer.m"; path = "cordova-plugin-file-transfer/CDVFileTransfer.m"; sourceTree = "<group>"; fileEncoding = 4; lastKnownFileType = sourcecode.c.objc; explicitFileType = undefined; includeInIndex = 0; };
		B1E27B102F8B46EDB40C8875 /* CDVFileTransfer.h */ = {isa = PBXFileReference; name = "CDVFileTransfer.h"; path = "cordova-plugin-file-transfer/CDVFileTransfer.h"; sourceTree = "<group>"; fileEncoding = 4; lastKnownFileType = sourcecode.c.h; explicitFileType = undefined; includeInIndex = 0; };
		E73F8EC19CC240DC82613331 /* CDVInAppBrowser.m */ = {isa = PBXFileReference; name = "CDVInAppBrowser.m"; path = "cordova-plugin-inappbrowser/CDVInAppBrowser.m"; sourceTree = "<group>"; fileEncoding = 4; lastKnownFileType = sourcecode.c.objc; explicitFileType = undefined; includeInIndex = 0; };
		79E4BC1B27CD4C6FA9593F92 /* CDVInAppBrowser.h */ = {isa = PBXFileReference; name = "CDVInAppBrowser.h"; path = "cordova-plugin-inappbrowser/CDVInAppBrowser.h"; sourceTree = "<group>"; fileEncoding = 4; lastKnownFileType = sourcecode.c.h; explicitFileType = undefined; includeInIndex = 0; };
		4ECB35149B5A43E9AB31236F /* CDVIonicKeyboard.m */ = {isa = PBXFileReference; name = "CDVIonicKeyboard.m"; path = "cordova-plugin-ionic-keyboard/CDVIonicKeyboard.m"; sourceTree = "<group>"; fileEncoding = 4; lastKnownFileType = sourcecode.c.objc; explicitFileType = undefined; includeInIndex = 0; };
		5449DFADFAEE4FC799B85C8B /* CDVIonicKeyboard.h */ = {isa = PBXFileReference; name = "CDVIonicKeyboard.h"; path = "cordova-plugin-ionic-keyboard/CDVIonicKeyboard.h"; sourceTree = "<group>"; fileEncoding = 4; lastKnownFileType = sourcecode.c.h; explicitFileType = undefined; includeInIndex = 0; };
		61ED9072823746079BD22CD9 /* CDVWKWebViewEngine.m */ = {isa = PBXFileReference; name = "CDVWKWebViewEngine.m"; path = "cordova-plugin-ionic-webview/CDVWKWebViewEngine.m"; sourceTree = "<group>"; fileEncoding = 4; lastKnownFileType = sourcecode.c.objc; explicitFileType = undefined; includeInIndex = 0; };
		AAE4838FFD7742BDB6660118 /* CDVWKWebViewUIDelegate.m */ = {isa = PBXFileReference; name = "CDVWKWebViewUIDelegate.m"; path = "cordova-plugin-ionic-webview/CDVWKWebViewUIDelegate.m"; sourceTree = "<group>"; fileEncoding = 4; lastKnownFileType = sourcecode.c.objc; explicitFileType = undefined; includeInIndex = 0; };
		1AD590B6B63942D8AD3D0FF4 /* CDVWKProcessPoolFactory.m */ = {isa = PBXFileReference; name = "CDVWKProcessPoolFactory.m"; path = "cordova-plugin-ionic-webview/CDVWKProcessPoolFactory.m"; sourceTree = "<group>"; fileEncoding = 4; lastKnownFileType = sourcecode.c.objc; explicitFileType = undefined; includeInIndex = 0; };
		0C0BD5411FA14742BEDBA8AC /* GCDWebServer.m */ = {isa = PBXFileReference; name = "GCDWebServer.m"; path = "cordova-plugin-ionic-webview/GCDWebServer.m"; sourceTree = "<group>"; fileEncoding = 4; lastKnownFileType = sourcecode.c.objc; explicitFileType = undefined; includeInIndex = 0; };
		DE62964A652F43ED894B5743 /* GCDWebServerConnection.m */ = {isa = PBXFileReference; name = "GCDWebServerConnection.m"; path = "cordova-plugin-ionic-webview/GCDWebServerConnection.m"; sourceTree = "<group>"; fileEncoding = 4; lastKnownFileType = sourcecode.c.objc; explicitFileType = undefined; includeInIndex = 0; };
		B911BB311F0E4E369BE8A773 /* GCDWebServerFunctions.m */ = {isa = PBXFileReference; name = "GCDWebServerFunctions.m"; path = "cordova-plugin-ionic-webview/GCDWebServerFunctions.m"; sourceTree = "<group>"; fileEncoding = 4; lastKnownFileType = sourcecode.c.objc; explicitFileType = undefined; includeInIndex = 0; };
		708F9B7EF5E649A3BBCF4F0F /* GCDWebServerRequest.m */ = {isa = PBXFileReference; name = "GCDWebServerRequest.m"; path = "cordova-plugin-ionic-webview/GCDWebServerRequest.m"; sourceTree = "<group>"; fileEncoding = 4; lastKnownFileType = sourcecode.c.objc; explicitFileType = undefined; includeInIndex = 0; };
		C249D9760AF148A2A32BCAC8 /* GCDWebServerResponse.m */ = {isa = PBXFileReference; name = "GCDWebServerResponse.m"; path = "cordova-plugin-ionic-webview/GCDWebServerResponse.m"; sourceTree = "<group>"; fileEncoding = 4; lastKnownFileType = sourcecode.c.objc; explicitFileType = undefined; includeInIndex = 0; };
		3CBB2ACA209B4BD2A405929C /* GCDWebServerDataRequest.m */ = {isa = PBXFileReference; name = "GCDWebServerDataRequest.m"; path = "cordova-plugin-ionic-webview/GCDWebServerDataRequest.m"; sourceTree = "<group>"; fileEncoding = 4; lastKnownFileType = sourcecode.c.objc; explicitFileType = undefined; includeInIndex = 0; };
		A0352F2AB76B4F929BE573A9 /* GCDWebServerFileRequest.m */ = {isa = PBXFileReference; name = "GCDWebServerFileRequest.m"; path = "cordova-plugin-ionic-webview/GCDWebServerFileRequest.m"; sourceTree = "<group>"; fileEncoding = 4; lastKnownFileType = sourcecode.c.objc; explicitFileType = undefined; includeInIndex = 0; };
		1A6178D34A8D4639B0DF51E3 /* GCDWebServerMultiPartFormRequest.m */ = {isa = PBXFileReference; name = "GCDWebServerMultiPartFormRequest.m"; path = "cordova-plugin-ionic-webview/GCDWebServerMultiPartFormRequest.m"; sourceTree = "<group>"; fileEncoding = 4; lastKnownFileType = sourcecode.c.objc; explicitFileType = undefined; includeInIndex = 0; };
		5E82B47AB98248CBAC8F8589 /* GCDWebServerURLEncodedFormRequest.m */ = {isa = PBXFileReference; name = "GCDWebServerURLEncodedFormRequest.m"; path = "cordova-plugin-ionic-webview/GCDWebServerURLEncodedFormRequest.m"; sourceTree = "<group>"; fileEncoding = 4; lastKnownFileType = sourcecode.c.objc; explicitFileType = undefined; includeInIndex = 0; };
		89C33011D169411F8D319239 /* GCDWebServerDataResponse.m */ = {isa = PBXFileReference; name = "GCDWebServerDataResponse.m"; path = "cordova-plugin-ionic-webview/GCDWebServerDataResponse.m"; sourceTree = "<group>"; fileEncoding = 4; lastKnownFileType = sourcecode.c.objc; explicitFileType = undefined; includeInIndex = 0; };
		CBF932848A0A47C2A339AA83 /* GCDWebServerErrorResponse.m */ = {isa = PBXFileReference; name = "GCDWebServerErrorResponse.m"; path = "cordova-plugin-ionic-webview/GCDWebServerErrorResponse.m"; sourceTree = "<group>"; fileEncoding = 4; lastKnownFileType = sourcecode.c.objc; explicitFileType = undefined; includeInIndex = 0; };
		5E0A39DE6C7C495F975390AF /* GCDWebServerFileResponse.m */ = {isa = PBXFileReference; name = "GCDWebServerFileResponse.m"; path = "cordova-plugin-ionic-webview/GCDWebServerFileResponse.m"; sourceTree = "<group>"; fileEncoding = 4; lastKnownFileType = sourcecode.c.objc; explicitFileType = undefined; includeInIndex = 0; };
		6242DD41D06F4475AFC33EDD /* GCDWebServerStreamedResponse.m */ = {isa = PBXFileReference; name = "GCDWebServerStreamedResponse.m"; path = "cordova-plugin-ionic-webview/GCDWebServerStreamedResponse.m"; sourceTree = "<group>"; fileEncoding = 4; lastKnownFileType = sourcecode.c.objc; explicitFileType = undefined; includeInIndex = 0; };
		B6BA258EE27342369067B141 /* CDVWKWebViewEngine.h */ = {isa = PBXFileReference; name = "CDVWKWebViewEngine.h"; path = "cordova-plugin-ionic-webview/CDVWKWebViewEngine.h"; sourceTree = "<group>"; fileEncoding = 4; lastKnownFileType = sourcecode.c.h; explicitFileType = undefined; includeInIndex = 0; };
		53186A9FA74E416C9724FFB1 /* CDVWKWebViewUIDelegate.h */ = {isa = PBXFileReference; name = "CDVWKWebViewUIDelegate.h"; path = "cordova-plugin-ionic-webview/CDVWKWebViewUIDelegate.h"; sourceTree = "<group>"; fileEncoding = 4; lastKnownFileType = sourcecode.c.h; explicitFileType = undefined; includeInIndex = 0; };
		13DC0A1E347F4216A598A916 /* CDVWKProcessPoolFactory.h */ = {isa = PBXFileReference; name = "CDVWKProcessPoolFactory.h"; path = "cordova-plugin-ionic-webview/CDVWKProcessPoolFactory.h"; sourceTree = "<group>"; fileEncoding = 4; lastKnownFileType = sourcecode.c.h; explicitFileType = undefined; includeInIndex = 0; };
		A02383C7C18B456C8F9D1A10 /* GCDWebServer.h */ = {isa = PBXFileReference; name = "GCDWebServer.h"; path = "cordova-plugin-ionic-webview/GCDWebServer.h"; sourceTree = "<group>"; fileEncoding = 4; lastKnownFileType = sourcecode.c.h; explicitFileType = undefined; includeInIndex = 0; };
		7A948BCE738448E7A5123C2C /* GCDWebServerConnection.h */ = {isa = PBXFileReference; name = "GCDWebServerConnection.h"; path = "cordova-plugin-ionic-webview/GCDWebServerConnection.h"; sourceTree = "<group>"; fileEncoding = 4; lastKnownFileType = sourcecode.c.h; explicitFileType = undefined; includeInIndex = 0; };
		D46AB2ACB87442CBA2D96CB8 /* GCDWebServerFunctions.h */ = {isa = PBXFileReference; name = "GCDWebServerFunctions.h"; path = "cordova-plugin-ionic-webview/GCDWebServerFunctions.h"; sourceTree = "<group>"; fileEncoding = 4; lastKnownFileType = sourcecode.c.h; explicitFileType = undefined; includeInIndex = 0; };
		5F3E05BA7CB54C1499D46176 /* GCDWebServerHTTPStatusCodes.h */ = {isa = PBXFileReference; name = "GCDWebServerHTTPStatusCodes.h"; path = "cordova-plugin-ionic-webview/GCDWebServerHTTPStatusCodes.h"; sourceTree = "<group>"; fileEncoding = 4; lastKnownFileType = sourcecode.c.h; explicitFileType = undefined; includeInIndex = 0; };
		27F1C92126E440F2BD6AA70F /* GCDWebServerPrivate.h */ = {isa = PBXFileReference; name = "GCDWebServerPrivate.h"; path = "cordova-plugin-ionic-webview/GCDWebServerPrivate.h"; sourceTree = "<group>"; fileEncoding = 4; lastKnownFileType = sourcecode.c.h; explicitFileType = undefined; includeInIndex = 0; };
		63674D59A4A24EB2A36AC6A1 /* GCDWebServerRequest.h */ = {isa = PBXFileReference; name = "GCDWebServerRequest.h"; path = "cordova-plugin-ionic-webview/GCDWebServerRequest.h"; sourceTree = "<group>"; fileEncoding = 4; lastKnownFileType = sourcecode.c.h; explicitFileType = undefined; includeInIndex = 0; };
		F3E22EE55066445785A6A5A8 /* GCDWebServerResponse.h */ = {isa = PBXFileReference; name = "GCDWebServerResponse.h"; path = "cordova-plugin-ionic-webview/GCDWebServerResponse.h"; sourceTree = "<group>"; fileEncoding = 4; lastKnownFileType = sourcecode.c.h; explicitFileType = undefined; includeInIndex = 0; };
		B95121699B74466EAB4904AF /* GCDWebServerDataRequest.h */ = {isa = PBXFileReference; name = "GCDWebServerDataRequest.h"; path = "cordova-plugin-ionic-webview/GCDWebServerDataRequest.h"; sourceTree = "<group>"; fileEncoding = 4; lastKnownFileType = sourcecode.c.h; explicitFileType = undefined; includeInIndex = 0; };
		6455B420ED2442D69EDA98AE /* GCDWebServerFileRequest.h */ = {isa = PBXFileReference; name = "GCDWebServerFileRequest.h"; path = "cordova-plugin-ionic-webview/GCDWebServerFileRequest.h"; sourceTree = "<group>"; fileEncoding = 4; lastKnownFileType = sourcecode.c.h; explicitFileType = undefined; includeInIndex = 0; };
		33DB6A9906A44DB283389DA7 /* GCDWebServerMultiPartFormRequest.h */ = {isa = PBXFileReference; name = "GCDWebServerMultiPartFormRequest.h"; path = "cordova-plugin-ionic-webview/GCDWebServerMultiPartFormRequest.h"; sourceTree = "<group>"; fileEncoding = 4; lastKnownFileType = sourcecode.c.h; explicitFileType = undefined; includeInIndex = 0; };
		FBB86053335747A4968638BB /* GCDWebServerURLEncodedFormRequest.h */ = {isa = PBXFileReference; name = "GCDWebServerURLEncodedFormRequest.h"; path = "cordova-plugin-ionic-webview/GCDWebServerURLEncodedFormRequest.h"; sourceTree = "<group>"; fileEncoding = 4; lastKnownFileType = sourcecode.c.h; explicitFileType = undefined; includeInIndex = 0; };
		F84D2374DE4D4FBFBD4C7BBF /* GCDWebServerDataResponse.h */ = {isa = PBXFileReference; name = "GCDWebServerDataResponse.h"; path = "cordova-plugin-ionic-webview/GCDWebServerDataResponse.h"; sourceTree = "<group>"; fileEncoding = 4; lastKnownFileType = sourcecode.c.h; explicitFileType = undefined; includeInIndex = 0; };
		427680CD596744B1A8AB9DDB /* GCDWebServerErrorResponse.h */ = {isa = PBXFileReference; name = "GCDWebServerErrorResponse.h"; path = "cordova-plugin-ionic-webview/GCDWebServerErrorResponse.h"; sourceTree = "<group>"; fileEncoding = 4; lastKnownFileType = sourcecode.c.h; explicitFileType = undefined; includeInIndex = 0; };
		B104A3F33F7144FBBA6F2D0C /* GCDWebServerFileResponse.h */ = {isa = PBXFileReference; name = "GCDWebServerFileResponse.h"; path = "cordova-plugin-ionic-webview/GCDWebServerFileResponse.h"; sourceTree = "<group>"; fileEncoding = 4; lastKnownFileType = sourcecode.c.h; explicitFileType = undefined; includeInIndex = 0; };
		53B8A5554E2F4B4DA56F5E3D /* GCDWebServerStreamedResponse.h */ = {isa = PBXFileReference; name = "GCDWebServerStreamedResponse.h"; path = "cordova-plugin-ionic-webview/GCDWebServerStreamedResponse.h"; sourceTree = "<group>"; fileEncoding = 4; lastKnownFileType = sourcecode.c.h; explicitFileType = undefined; includeInIndex = 0; };
		D3ABBD503CED4929844CF0F6 /* WebKit.framework */ = {isa = PBXFileReference; name = "WebKit.framework"; path = "System/Library/Frameworks/WebKit.framework"; sourceTree = SDKROOT; fileEncoding = undefined; lastKnownFileType = wrapper.framework; explicitFileType = undefined; includeInIndex = 0; };
		9345E131AD4E4CDC9AABF70B /* libz.tbd */ = {isa = PBXFileReference; name = "libz.tbd"; path = "usr/lib/libz.tbd"; sourceTree = SDKROOT; fileEncoding = undefined; lastKnownFileType = sourcecode.text-based-dylib-definition; explicitFileType = undefined; includeInIndex = 0; };
		05E18A51950E41568DDF9D1A /* CDVConnection.m */ = {isa = PBXFileReference; name = "CDVConnection.m"; path = "cordova-plugin-network-information/CDVConnection.m"; sourceTree = "<group>"; fileEncoding = 4; lastKnownFileType = sourcecode.c.objc; explicitFileType = undefined; includeInIndex = 0; };
		C2209D4C6AF448BCB4ED2A8E /* CDVReachability.m */ = {isa = PBXFileReference; name = "CDVReachability.m"; path = "cordova-plugin-network-information/CDVReachability.m"; sourceTree = "<group>"; fileEncoding = 4; lastKnownFileType = sourcecode.c.objc; explicitFileType = undefined; includeInIndex = 0; };
		BCE17BF42298436CA42655E8 /* CDVConnection.h */ = {isa = PBXFileReference; name = "CDVConnection.h"; path = "cordova-plugin-network-information/CDVConnection.h"; sourceTree = "<group>"; fileEncoding = 4; lastKnownFileType = sourcecode.c.h; explicitFileType = undefined; includeInIndex = 0; };
		2A58551A49BC401EA17CFFFC /* CDVReachability.h */ = {isa = PBXFileReference; name = "CDVReachability.h"; path = "cordova-plugin-network-information/CDVReachability.h"; sourceTree = "<group>"; fileEncoding = 4; lastKnownFileType = sourcecode.c.h; explicitFileType = undefined; includeInIndex = 0; };
		4AAF488C13E148AA9F81EE86 /* SystemConfiguration.framework */ = {isa = PBXFileReference; name = "SystemConfiguration.framework"; path = "System/Library/Frameworks/SystemConfiguration.framework"; sourceTree = SDKROOT; fileEncoding = undefined; lastKnownFileType = wrapper.framework; explicitFileType = undefined; includeInIndex = 0; };
		6E7B6FB4FD594D479CCE6A31 /* CoreTelephony.framework */ = {isa = PBXFileReference; name = "CoreTelephony.framework"; path = "System/Library/Frameworks/CoreTelephony.framework"; sourceTree = SDKROOT; fileEncoding = undefined; lastKnownFileType = wrapper.framework; explicitFileType = undefined; includeInIndex = 0; };
		2A29A3AD76BF4F86A4542E22 /* CDVOrientation.m */ = {isa = PBXFileReference; name = "CDVOrientation.m"; path = "cordova-plugin-screen-orientation/CDVOrientation.m"; sourceTree = "<group>"; fileEncoding = 4; lastKnownFileType = sourcecode.c.objc; explicitFileType = undefined; includeInIndex = 0; };
		03BDCE6DC4A44BDC9279DEBC /* CDVOrientation.h */ = {isa = PBXFileReference; name = "CDVOrientation.h"; path = "cordova-plugin-screen-orientation/CDVOrientation.h"; sourceTree = "<group>"; fileEncoding = 4; lastKnownFileType = sourcecode.c.h; explicitFileType = undefined; includeInIndex = 0; };
		45F80ADD952B4EF597F863C4 /* CDVSplashScreen.m */ = {isa = PBXFileReference; name = "CDVSplashScreen.m"; path = "cordova-plugin-splashscreen/CDVSplashScreen.m"; sourceTree = "<group>"; fileEncoding = 4; lastKnownFileType = sourcecode.c.objc; explicitFileType = undefined; includeInIndex = 0; };
		8E9DC2BB39FB4634AB5DFA4C /* CDVViewController+SplashScreen.m */ = {isa = PBXFileReference; name = "CDVViewController+SplashScreen.m"; path = "cordova-plugin-splashscreen/CDVViewController+SplashScreen.m"; sourceTree = "<group>"; fileEncoding = 4; lastKnownFileType = sourcecode.c.objc; explicitFileType = undefined; includeInIndex = 0; };
		B16F2F00898945CEA72D315E /* CDVSplashScreen.h */ = {isa = PBXFileReference; name = "CDVSplashScreen.h"; path = "cordova-plugin-splashscreen/CDVSplashScreen.h"; sourceTree = "<group>"; fileEncoding = 4; lastKnownFileType = sourcecode.c.h; explicitFileType = undefined; includeInIndex = 0; };
		1554F71BBC02466DA99901F1 /* CDVViewController+SplashScreen.h */ = {isa = PBXFileReference; name = "CDVViewController+SplashScreen.h"; path = "cordova-plugin-splashscreen/CDVViewController+SplashScreen.h"; sourceTree = "<group>"; fileEncoding = 4; lastKnownFileType = sourcecode.c.h; explicitFileType = undefined; includeInIndex = 0; };
		CA57AC7137D84C659140A6DA /* CDVStatusBar.m */ = {isa = PBXFileReference; name = "CDVStatusBar.m"; path = "cordova-plugin-statusbar/CDVStatusBar.m"; sourceTree = "<group>"; fileEncoding = 4; lastKnownFileType = sourcecode.c.objc; explicitFileType = undefined; includeInIndex = 0; };
		920DE4E5C6EB48C699B71318 /* CDVStatusBar.h */ = {isa = PBXFileReference; name = "CDVStatusBar.h"; path = "cordova-plugin-statusbar/CDVStatusBar.h"; sourceTree = "<group>"; fileEncoding = 4; lastKnownFileType = sourcecode.c.h; explicitFileType = undefined; includeInIndex = 0; };
		51AC529330DB41B48F7E5039 /* NSString+SSURLEncoding.m */ = {isa = PBXFileReference; name = "NSString+SSURLEncoding.m"; path = "cordova-plugin-x-socialsharing/NSString+SSURLEncoding.m"; sourceTree = "<group>"; fileEncoding = 4; lastKnownFileType = sourcecode.c.objc; explicitFileType = undefined; includeInIndex = 0; };
		31885CD3E5454745969CA8A1 /* SocialSharing.m */ = {isa = PBXFileReference; name = "SocialSharing.m"; path = "cordova-plugin-x-socialsharing/SocialSharing.m"; sourceTree = "<group>"; fileEncoding = 4; lastKnownFileType = sourcecode.c.objc; explicitFileType = undefined; includeInIndex = 0; };
		31BA4D1B7A1647BCB00A95C4 /* NSString+SSURLEncoding.h */ = {isa = PBXFileReference; name = "NSString+SSURLEncoding.h"; path = "cordova-plugin-x-socialsharing/NSString+SSURLEncoding.h"; sourceTree = "<group>"; fileEncoding = 4; lastKnownFileType = sourcecode.c.h; explicitFileType = undefined; includeInIndex = 0; };
		FB1F8D3AC8104DACA804E020 /* SocialSharing.h */ = {isa = PBXFileReference; name = "SocialSharing.h"; path = "cordova-plugin-x-socialsharing/SocialSharing.h"; sourceTree = "<group>"; fileEncoding = 4; lastKnownFileType = sourcecode.c.h; explicitFileType = undefined; includeInIndex = 0; };
		BF4C9963BFF9432A8D106BB2 /* Social.framework */ = {isa = PBXFileReference; name = "Social.framework"; path = "System/Library/Frameworks/Social.framework"; sourceTree = SDKROOT; fileEncoding = undefined; lastKnownFileType = wrapper.framework; explicitFileType = undefined; includeInIndex = 0; };
		7344137606E24E8B8DBC7ABF /* MessageUI.framework */ = {isa = PBXFileReference; name = "MessageUI.framework"; path = "System/Library/Frameworks/MessageUI.framework"; sourceTree = SDKROOT; fileEncoding = undefined; lastKnownFileType = wrapper.framework; explicitFileType = undefined; includeInIndex = 0; };
		1B06199AB9DB438D8D008490 /* ImageResizer.m */ = {isa = PBXFileReference; name = "ImageResizer.m"; path = "info.protonet.imageresizer/ImageResizer.m"; sourceTree = "<group>"; fileEncoding = 4; lastKnownFileType = sourcecode.c.objc; explicitFileType = undefined; includeInIndex = 0; };
		8EC945EADBFF4F71B77CD85F /* ImageResizer.h */ = {isa = PBXFileReference; name = "ImageResizer.h"; path = "info.protonet.imageresizer/ImageResizer.h"; sourceTree = "<group>"; fileEncoding = 4; lastKnownFileType = sourcecode.c.h; explicitFileType = undefined; includeInIndex = 0; };
		43B72F47BDED465E9C694521 /* IonicKeyboard.m */ = {isa = PBXFileReference; name = "IonicKeyboard.m"; path = "ionic-plugin-keyboard/IonicKeyboard.m"; sourceTree = "<group>"; fileEncoding = 4; lastKnownFileType = sourcecode.c.objc; explicitFileType = undefined; includeInIndex = 0; };
		A74D4D01793C4584A9C04E93 /* IonicKeyboard.h */ = {isa = PBXFileReference; name = "IonicKeyboard.h"; path = "ionic-plugin-keyboard/IonicKeyboard.h"; sourceTree = "<group>"; fileEncoding = 4; lastKnownFileType = sourcecode.c.h; explicitFileType = undefined; includeInIndex = 0; };
/* End PBXFileReference section */

/* Begin PBXFrameworksBuildPhase section */
		1D60588F0D05DD3D006BFB54 /* Frameworks */ = {
			isa = PBXFrameworksBuildPhase;
			buildActionMask = 2147483647;
			files = (
				301BF552109A68D80062928A /* libCordova.a in Frameworks */,
				8B40EAA00D7D4AB8A17C38B0 /* ImageIO.framework in Frameworks */,
				5CCC0D8712184D0E81C005F1 /* CoreLocation.framework in Frameworks */,
				15C1931D4B1A4CCDB5C709EA /* AVFoundation.framework in Frameworks */,
				255BF05079704D48A33687DC /* WebKit.framework in Frameworks */,
				3CFDE935A3374A0BBC4F9D93 /* libz.tbd in Frameworks */,
				05D37FE7CC50446CA1C6D433 /* SystemConfiguration.framework in Frameworks */,
				2DF25EEB95244FC39609BFCE /* CoreTelephony.framework in Frameworks */,
				1904C7EC67064C4CBB460926 /* Social.framework in Frameworks */,
				B6BDA3C90F5A4A3CBC7B4D39 /* MessageUI.framework in Frameworks */,
			);
			runOnlyForDeploymentPostprocessing = 0;
		};
/* End PBXFrameworksBuildPhase section */

/* Begin PBXGroup section */
		080E96DDFE201D6D7F000001 /* Classes */ = {
			isa = PBXGroup;
			children = (
				302D95EE14D2391D003F00A1 /* MainViewController.h */,
				302D95EF14D2391D003F00A1 /* MainViewController.m */,
				302D95F014D2391D003F00A1 /* MainViewController.xib */,
				1D3623240D0F684500981E51 /* AppDelegate.h */,
				1D3623250D0F684500981E51 /* AppDelegate.m */,
			);
			name = Classes;
			path = "NewsAge/Classes";
			sourceTree = SOURCE_ROOT;
		};
		19C28FACFE9D520D11CA2CBB /* Products */ = {
			isa = PBXGroup;
			children = (
				1D6058910D05DD3D006BFB54 /* NewsAge.app */,
			);
			name = Products;
			sourceTree = "<group>";
		};
		29B97314FDCFA39411CA2CEA /* CustomTemplate */ = {
			isa = PBXGroup;
			children = (
				EB87FDF41871DAF40020F90C /* config.xml */,
				EB87FDF31871DA8E0020F90C /* www */,
				EB87FDF11871DA420020F90C /* Staging */,
				301BF52D109A57CC0062928A /* CordovaLib.xcodeproj */,
				080E96DDFE201D6D7F000001 /* Classes */,
				307C750510C5A3420062BCA9 /* Plugins */,
				29B97315FDCFA39411CA2CEA /* Other Sources */,
				29B97317FDCFA39411CA2CEA /* Resources */,
				29B97323FDCFA39411CA2CEA /* Frameworks */,
				19C28FACFE9D520D11CA2CBB /* Products */,
			);
			name = CustomTemplate;
			sourceTree = "<group>";
		};
		29B97315FDCFA39411CA2CEA /* Other Sources */ = {
			isa = PBXGroup;
			children = (
				32CA4F630368D1EE00C91783 /* NewsAge-Prefix.pch */,
				29B97316FDCFA39411CA2CEA /* main.m */,
				ED33DF2A687741AEAF9F8254 /* Bridging-Header.h */,
			);
			name = "Other Sources";
			path = "NewsAge";
			sourceTree = "<group>";
		};
		29B97317FDCFA39411CA2CEA /* Resources */ = {
			isa = PBXGroup;
			children = (
				0207DA571B56EA530066E2B4 /* Images.xcassets */,
				3047A50E1AB8057F00498E2A /* config */,
				8D1107310486CEB800E47090 /* NewsAge-Info.plist */,
				6AFF5BF81D6E424B00AB3073 /* CDVLaunchScreen.storyboard */,
			);
			name = Resources;
			path = "NewsAge/Resources";
			sourceTree = "<group>";
		};
		29B97323FDCFA39411CA2CEA /* Frameworks */ = {
			isa = PBXGroup;
			children = (
				98EBD542BF794A0F86E29BC7 /* ImageIO.framework */,
				1E5EFCC4D85049378DBFFBE7 /* CoreLocation.framework */,
				78C45B46D77149788A2B5E84 /* AVFoundation.framework */,
				D3ABBD503CED4929844CF0F6 /* WebKit.framework */,
				9345E131AD4E4CDC9AABF70B /* libz.tbd */,
				4AAF488C13E148AA9F81EE86 /* SystemConfiguration.framework */,
				6E7B6FB4FD594D479CCE6A31 /* CoreTelephony.framework */,
				BF4C9963BFF9432A8D106BB2 /* Social.framework */,
				7344137606E24E8B8DBC7ABF /* MessageUI.framework */,
			);
			name = Frameworks;
			sourceTree = "<group>";
		};
		301BF52E109A57CC0062928A /* Products */ = {
			isa = PBXGroup;
			children = (
				301BF535109A57CC0062928A /* libCordova.a */,
			);
			name = Products;
			sourceTree = "<group>";
		};
		3047A50E1AB8057F00498E2A /* config */ = {
			isa = PBXGroup;
			children = (
				3047A50F1AB8059700498E2A /* build-debug.xcconfig */,
				3047A5101AB8059700498E2A /* build-release.xcconfig */,
				3047A5111AB8059700498E2A /* build.xcconfig */,
			);
			name = config;
			sourceTree = "<group>";
		};
		307C750510C5A3420062BCA9 /* Plugins */ = {
			isa = PBXGroup;
			children = (
				B6D0416153484CE7979C6935 /* NativePageTransitions.m */,
				1FABE8278EFF40B9AD7A2EFC /* AppDelegate+nativepagetransitions.m */,
				07B7125A52114C85BEB2DD1B /* NativePageTransitions.h */,
				E26AC449778A4221BA1CB922 /* AppDelegate+nativepagetransitions.h */,
				378118CB621A47D5ABDA0453 /* UIImage+CropScaleOrientation.m */,
				07E22DF77CCD424F95CD3DF6 /* CDVCamera.m */,
				A15D47328BBC4462A0ED2BDA /* CDVJpegHeaderWriter.m */,
				0E96E3CE502D46D98D5A5515 /* UIImage+CropScaleOrientation.h */,
				A3C165A1ABCA4E3C8519F134 /* CDVCamera.h */,
				EDDC2923D76E4919A5CCB1EC /* CDVJpegHeaderWriter.h */,
				68BA2EC5266F469F89748B7D /* CDVExif.h */,
				5B88DEF823424CBB83956DF0 /* CDVDevice.m */,
				9E89B04F06EB4F1C884D307B /* CDVDevice.h */,
				61C9DC8970A64827AE2F48E5 /* CDVFile.m */,
				FC9FCD9FE44D498DA5E1D7BD /* CDVLocalFilesystem.m */,
				5631115775A74E23A3CC03FA /* CDVAssetLibraryFilesystem.m */,
				076B009D558D44F395486A32 /* CDVFile.h */,
				210C1FFCA0514AB7BB03F5C5 /* CDVLocalFilesystem.h */,
				ED509B3E0DF04297AD29E01F /* CDVAssetLibraryFilesystem.h */,
				8FD093388D49414789680633 /* CDVFileTransfer.m */,
				B1E27B102F8B46EDB40C8875 /* CDVFileTransfer.h */,
				E73F8EC19CC240DC82613331 /* CDVInAppBrowser.m */,
				79E4BC1B27CD4C6FA9593F92 /* CDVInAppBrowser.h */,
				4ECB35149B5A43E9AB31236F /* CDVIonicKeyboard.m */,
				5449DFADFAEE4FC799B85C8B /* CDVIonicKeyboard.h */,
				61ED9072823746079BD22CD9 /* CDVWKWebViewEngine.m */,
				AAE4838FFD7742BDB6660118 /* CDVWKWebViewUIDelegate.m */,
				1AD590B6B63942D8AD3D0FF4 /* CDVWKProcessPoolFactory.m */,
				0C0BD5411FA14742BEDBA8AC /* GCDWebServer.m */,
				DE62964A652F43ED894B5743 /* GCDWebServerConnection.m */,
				B911BB311F0E4E369BE8A773 /* GCDWebServerFunctions.m */,
				708F9B7EF5E649A3BBCF4F0F /* GCDWebServerRequest.m */,
				C249D9760AF148A2A32BCAC8 /* GCDWebServerResponse.m */,
				3CBB2ACA209B4BD2A405929C /* GCDWebServerDataRequest.m */,
				A0352F2AB76B4F929BE573A9 /* GCDWebServerFileRequest.m */,
				1A6178D34A8D4639B0DF51E3 /* GCDWebServerMultiPartFormRequest.m */,
				5E82B47AB98248CBAC8F8589 /* GCDWebServerURLEncodedFormRequest.m */,
				89C33011D169411F8D319239 /* GCDWebServerDataResponse.m */,
				CBF932848A0A47C2A339AA83 /* GCDWebServerErrorResponse.m */,
				5E0A39DE6C7C495F975390AF /* GCDWebServerFileResponse.m */,
				6242DD41D06F4475AFC33EDD /* GCDWebServerStreamedResponse.m */,
				B6BA258EE27342369067B141 /* CDVWKWebViewEngine.h */,
				53186A9FA74E416C9724FFB1 /* CDVWKWebViewUIDelegate.h */,
				13DC0A1E347F4216A598A916 /* CDVWKProcessPoolFactory.h */,
				A02383C7C18B456C8F9D1A10 /* GCDWebServer.h */,
				7A948BCE738448E7A5123C2C /* GCDWebServerConnection.h */,
				D46AB2ACB87442CBA2D96CB8 /* GCDWebServerFunctions.h */,
				5F3E05BA7CB54C1499D46176 /* GCDWebServerHTTPStatusCodes.h */,
				27F1C92126E440F2BD6AA70F /* GCDWebServerPrivate.h */,
				63674D59A4A24EB2A36AC6A1 /* GCDWebServerRequest.h */,
				F3E22EE55066445785A6A5A8 /* GCDWebServerResponse.h */,
				B95121699B74466EAB4904AF /* GCDWebServerDataRequest.h */,
				6455B420ED2442D69EDA98AE /* GCDWebServerFileRequest.h */,
				33DB6A9906A44DB283389DA7 /* GCDWebServerMultiPartFormRequest.h */,
				FBB86053335747A4968638BB /* GCDWebServerURLEncodedFormRequest.h */,
				F84D2374DE4D4FBFBD4C7BBF /* GCDWebServerDataResponse.h */,
				427680CD596744B1A8AB9DDB /* GCDWebServerErrorResponse.h */,
				B104A3F33F7144FBBA6F2D0C /* GCDWebServerFileResponse.h */,
				53B8A5554E2F4B4DA56F5E3D /* GCDWebServerStreamedResponse.h */,
				05E18A51950E41568DDF9D1A /* CDVConnection.m */,
				C2209D4C6AF448BCB4ED2A8E /* CDVReachability.m */,
				BCE17BF42298436CA42655E8 /* CDVConnection.h */,
				2A58551A49BC401EA17CFFFC /* CDVReachability.h */,
				2A29A3AD76BF4F86A4542E22 /* CDVOrientation.m */,
				03BDCE6DC4A44BDC9279DEBC /* CDVOrientation.h */,
				45F80ADD952B4EF597F863C4 /* CDVSplashScreen.m */,
				8E9DC2BB39FB4634AB5DFA4C /* CDVViewController+SplashScreen.m */,
				B16F2F00898945CEA72D315E /* CDVSplashScreen.h */,
				1554F71BBC02466DA99901F1 /* CDVViewController+SplashScreen.h */,
				CA57AC7137D84C659140A6DA /* CDVStatusBar.m */,
				920DE4E5C6EB48C699B71318 /* CDVStatusBar.h */,
				51AC529330DB41B48F7E5039 /* NSString+SSURLEncoding.m */,
				31885CD3E5454745969CA8A1 /* SocialSharing.m */,
				31BA4D1B7A1647BCB00A95C4 /* NSString+SSURLEncoding.h */,
				FB1F8D3AC8104DACA804E020 /* SocialSharing.h */,
				1B06199AB9DB438D8D008490 /* ImageResizer.m */,
				8EC945EADBFF4F71B77CD85F /* ImageResizer.h */,
				43B72F47BDED465E9C694521 /* IonicKeyboard.m */,
				A74D4D01793C4584A9C04E93 /* IonicKeyboard.h */,
			);
			name = Plugins;
			path = "NewsAge/Plugins";
			sourceTree = SOURCE_ROOT;
		};
		EB87FDF11871DA420020F90C /* Staging */ = {
			isa = PBXGroup;
			children = (
				F840E1F0165FE0F500CFE078 /* config.xml */,
				301BF56E109A69640062928A /* www */,
			);
			name = Staging;
			sourceTree = "<group>";
		};
/* End PBXGroup section */

/* Begin PBXNativeTarget section */
		1D6058900D05DD3D006BFB54 /* NewsAge */ = {
			isa = PBXNativeTarget;
			buildConfigurationList = 1D6058960D05DD3E006BFB54 /* Build configuration list for PBXNativeTarget "NewsAge" */;
			buildPhases = (
				304B58A110DAC018002A0835 /* Copy www directory */,
				1D60588D0D05DD3D006BFB54 /* Resources */,
				1D60588E0D05DD3D006BFB54 /* Sources */,
				1D60588F0D05DD3D006BFB54 /* Frameworks */,
			);
			buildRules = (
			);
			dependencies = (
				301BF551109A68C00062928A /* PBXTargetDependency */,
			);
			name = "NewsAge";
			productName = "NewsAge";
			productReference = 1D6058910D05DD3D006BFB54 /* NewsAge.app */;
			productType = "com.apple.product-type.application";
		};
/* End PBXNativeTarget section */

/* Begin PBXProject section */
		29B97313FDCFA39411CA2CEA /* Project object */ = {
			isa = PBXProject;
			attributes = {
				LastUpgradeCheck = 510;
			};
			buildConfigurationList = C01FCF4E08A954540054247B /* Build configuration list for PBXProject "__NON-CLI__" */;
			compatibilityVersion = "Xcode 3.2";
			developmentRegion = English;
			hasScannedForEncodings = 1;
			mainGroup = 29B97314FDCFA39411CA2CEA /* CustomTemplate */;
			projectDirPath = "";
			projectReferences = (
				{
					ProductGroup = 301BF52E109A57CC0062928A /* Products */;
					ProjectRef = 301BF52D109A57CC0062928A /* CordovaLib.xcodeproj */;
				},
			);
			projectRoot = "";
			targets = (
				1D6058900D05DD3D006BFB54 /* NewsAge */,
			);
		};
/* End PBXProject section */

/* Begin PBXReferenceProxy section */
		301BF535109A57CC0062928A /* libCordova.a */ = {
			isa = PBXReferenceProxy;
			fileType = archive.ar;
			path = libCordova.a;
			remoteRef = 301BF534109A57CC0062928A /* PBXContainerItemProxy */;
			sourceTree = BUILT_PRODUCTS_DIR;
		};
/* End PBXReferenceProxy section */

/* Begin PBXResourcesBuildPhase section */
		1D60588D0D05DD3D006BFB54 /* Resources */ = {
			isa = PBXResourcesBuildPhase;
			buildActionMask = 2147483647;
			files = (
				302D95F214D2391D003F00A1 /* MainViewController.xib in Resources */,
				0207DA581B56EA530066E2B4 /* Images.xcassets in Resources */,
				6AFF5BF91D6E424B00AB3073 /* CDVLaunchScreen.storyboard in Resources */,
			);
			runOnlyForDeploymentPostprocessing = 0;
		};
/* End PBXResourcesBuildPhase section */

/* Begin PBXShellScriptBuildPhase section */
		304B58A110DAC018002A0835 /* Copy www directory */ = {
			isa = PBXShellScriptBuildPhase;
			buildActionMask = 2147483647;
			files = (
			);
			inputPaths = (
			);
			name = "Copy www directory";
			outputPaths = (
			);
			runOnlyForDeploymentPostprocessing = 0;
			shellPath = /bin/sh;
			shellScript = "NODEJS_PATH=/usr/local/bin; NVM_NODE_PATH=~/.nvm/versions/node/`nvm version 2>/dev/null`/bin; N_NODE_PATH=`find /usr/local/n/versions/node/* -maxdepth 0 -type d 2>/dev/null | tail -1`/bin; XCODE_NODE_PATH=`xcode-select --print-path`/usr/share/xcs/Node/bin; PATH=$NODEJS_PATH:$NVM_NODE_PATH:$N_NODE_PATH:$XCODE_NODE_PATH:$PATH && node cordova/lib/copy-www-build-step.js";
			showEnvVarsInLog = 0;
		};
/* End PBXShellScriptBuildPhase section */

/* Begin PBXSourcesBuildPhase section */
		1D60588E0D05DD3D006BFB54 /* Sources */ = {
			isa = PBXSourcesBuildPhase;
			buildActionMask = 2147483647;
			files = (
				1D60589B0D05DD56006BFB54 /* main.m in Sources */,
				1D3623260D0F684500981E51 /* AppDelegate.m in Sources */,
				302D95F114D2391D003F00A1 /* MainViewController.m in Sources */,
				18D49DB6FF804D3C995BFE8B /* NativePageTransitions.m in Sources */,
				02DB0F6853C54D539DDA7776 /* AppDelegate+nativepagetransitions.m in Sources */,
				F31ECAF5993247B3A8AB12D9 /* UIImage+CropScaleOrientation.m in Sources */,
				759B29B6FD9D4F35A0EF3D3B /* CDVCamera.m in Sources */,
				3AABFDBD19854F9FB05A51CF /* CDVJpegHeaderWriter.m in Sources */,
				C3235A25B5774DA78355081D /* CDVDevice.m in Sources */,
				012EAE2CC0194EA79E7A3681 /* CDVFile.m in Sources */,
				D99BA1D93F014CD4B8981C1B /* CDVLocalFilesystem.m in Sources */,
				CDCB515FFAAE4781B4DC4596 /* CDVAssetLibraryFilesystem.m in Sources */,
				AB48A5D8B7994966928EFD1B /* CDVFileTransfer.m in Sources */,
				51E08BC79E8044D488B0C477 /* CDVInAppBrowser.m in Sources */,
				679C52474A114AE9B18B7D60 /* CDVIonicKeyboard.m in Sources */,
				32CEF9B459E745E7893F0090 /* CDVWKWebViewEngine.m in Sources */,
				6C1D798422AE46629E1E68A8 /* CDVWKWebViewUIDelegate.m in Sources */,
				F3CBB5B5A741482693956C50 /* CDVWKProcessPoolFactory.m in Sources */,
				43E69FDA0AA84D2A8A6D9E7F /* GCDWebServer.m in Sources */,
				D5CC42E78E2C4D10AC5AD79E /* GCDWebServerConnection.m in Sources */,
				405B548EEC8244299FEC5FE5 /* GCDWebServerFunctions.m in Sources */,
				8E8EB2B618B54F4683D178D1 /* GCDWebServerRequest.m in Sources */,
				EDB12D688D1E4E13A35F9472 /* GCDWebServerResponse.m in Sources */,
				2B83E85434344BE8A9875F6D /* GCDWebServerDataRequest.m in Sources */,
				1F0DCF99218F4D548B24E9B2 /* GCDWebServerFileRequest.m in Sources */,
				92B524698EA34816A81194F4 /* GCDWebServerMultiPartFormRequest.m in Sources */,
				62C855633565454BB8C55FAF /* GCDWebServerURLEncodedFormRequest.m in Sources */,
				119AC0F54D0E443F8BC17659 /* GCDWebServerDataResponse.m in Sources */,
				23AD945AAE5C4BCF805E560C /* GCDWebServerErrorResponse.m in Sources */,
				FDF25FE5B6804DCD8414F81E /* GCDWebServerFileResponse.m in Sources */,
				3715D02B3DA040BBAA49449C /* GCDWebServerStreamedResponse.m in Sources */,
				5F5559DD91394CBA89C5420F /* CDVConnection.m in Sources */,
				CE45061996D54052813DAB10 /* CDVReachability.m in Sources */,
				B48FE3A34D974C4CACB52125 /* CDVOrientation.m in Sources */,
				90E773362B4944D9B0627776 /* CDVSplashScreen.m in Sources */,
				2EBF79BA1D2B4EDEB5AB1D3F /* CDVViewController+SplashScreen.m in Sources */,
				8C45C72A76AE4D17B5506CA2 /* CDVStatusBar.m in Sources */,
				6DE1B8470C874503B9DDE63C /* NSString+SSURLEncoding.m in Sources */,
				28E7E8B44E0B4FFFAD81E868 /* SocialSharing.m in Sources */,
				06F984FC3BD3427A8BBF0DA7 /* ImageResizer.m in Sources */,
				39311E07CC7249BEA350C1D5 /* IonicKeyboard.m in Sources */,
			);
			runOnlyForDeploymentPostprocessing = 0;
		};
/* End PBXSourcesBuildPhase section */

/* Begin PBXTargetDependency section */
		301BF551109A68C00062928A /* PBXTargetDependency */ = {
			isa = PBXTargetDependency;
			name = CordovaLib;
			targetProxy = 301BF550109A68C00062928A /* PBXContainerItemProxy */;
		};
/* End PBXTargetDependency section */

/* Begin XCBuildConfiguration section */
		1D6058940D05DD3E006BFB54 /* Debug */ = {
			isa = XCBuildConfiguration;
			baseConfigurationReference = 3047A50F1AB8059700498E2A /* build-debug.xcconfig */;
			buildSettings = {
				ALWAYS_SEARCH_USER_PATHS = NO;
				ASSETCATALOG_COMPILER_APPICON_NAME = AppIcon;
				ASSETCATALOG_COMPILER_LAUNCHIMAGE_NAME = LaunchImage;
				CLANG_ENABLE_MODULES = YES;
				CLANG_ENABLE_OBJC_ARC = YES;
				COPY_PHASE_STRIP = NO;
				GCC_DYNAMIC_NO_PIC = NO;
				GCC_OPTIMIZATION_LEVEL = 0;
				GCC_PRECOMPILE_PREFIX_HEADER = YES;
				GCC_PREFIX_HEADER = "NewsAge/NewsAge-Prefix.pch";
				GCC_THUMB_SUPPORT = NO;
				GCC_VERSION = "";
				INFOPLIST_FILE = "NewsAge/NewsAge-Info.plist";
				IPHONEOS_DEPLOYMENT_TARGET = 9.0;
				LD_RUNPATH_SEARCH_PATHS = "@executable_path/Frameworks";
				TARGETED_DEVICE_FAMILY = "1,2";
				PRODUCT_NAME = "NewsAge";
			};
			name = Debug;
		};
		1D6058950D05DD3E006BFB54 /* Release */ = {
			isa = XCBuildConfiguration;
			baseConfigurationReference = 3047A5101AB8059700498E2A /* build-release.xcconfig */;
			buildSettings = {
				ALWAYS_SEARCH_USER_PATHS = NO;
				ASSETCATALOG_COMPILER_APPICON_NAME = AppIcon;
				ASSETCATALOG_COMPILER_LAUNCHIMAGE_NAME = LaunchImage;
				CLANG_ENABLE_MODULES = YES;
				CLANG_ENABLE_OBJC_ARC = YES;
				COPY_PHASE_STRIP = YES;
				GCC_PRECOMPILE_PREFIX_HEADER = YES;
				GCC_PREFIX_HEADER = "NewsAge/NewsAge-Prefix.pch";
				GCC_THUMB_SUPPORT = NO;
				GCC_VERSION = "";
				INFOPLIST_FILE = "NewsAge/NewsAge-Info.plist";
				IPHONEOS_DEPLOYMENT_TARGET = 9.0;
				LD_RUNPATH_SEARCH_PATHS = "@executable_path/Frameworks";
				TARGETED_DEVICE_FAMILY = "1,2";
				PRODUCT_NAME = "NewsAge";
			};
			name = Release;
		};
		C01FCF4F08A954540054247B /* Debug */ = {
			isa = XCBuildConfiguration;
			baseConfigurationReference = 3047A5111AB8059700498E2A /* build.xcconfig */;
			buildSettings = {
				CLANG_ENABLE_MODULES = YES;
				CLANG_ENABLE_OBJC_ARC = YES;
				CLANG_WARN_BOOL_CONVERSION = YES;
				CLANG_WARN_CONSTANT_CONVERSION = YES;
				CLANG_WARN_EMPTY_BODY = YES;
				CLANG_WARN_ENUM_CONVERSION = YES;
				CLANG_WARN_INT_CONVERSION = YES;
				CLANG_WARN__DUPLICATE_METHOD_MATCH = YES;
				GCC_C_LANGUAGE_STANDARD = c99;
				GCC_THUMB_SUPPORT = NO;
				GCC_VERSION = "";
				GCC_WARN_ABOUT_RETURN_TYPE = YES;
				GCC_WARN_UNDECLARED_SELECTOR = YES;
				GCC_WARN_UNINITIALIZED_AUTOS = YES;
				GCC_WARN_UNUSED_FUNCTION = YES;
				GCC_WARN_UNUSED_VARIABLE = YES;
				ONLY_ACTIVE_ARCH = YES;
				SDKROOT = iphoneos;
				SKIP_INSTALL = NO;
			};
			name = Debug;
		};
		C01FCF5008A954540054247B /* Release */ = {
			isa = XCBuildConfiguration;
			baseConfigurationReference = 3047A5111AB8059700498E2A /* build.xcconfig */;
			buildSettings = {
				CLANG_ENABLE_MODULES = YES;
				CLANG_ENABLE_OBJC_ARC = YES;
				CLANG_WARN_BOOL_CONVERSION = YES;
				CLANG_WARN_CONSTANT_CONVERSION = YES;
				CLANG_WARN_EMPTY_BODY = YES;
				CLANG_WARN_ENUM_CONVERSION = YES;
				CLANG_WARN_INT_CONVERSION = YES;
				CLANG_WARN__DUPLICATE_METHOD_MATCH = YES;
				GCC_C_LANGUAGE_STANDARD = c99;
				GCC_THUMB_SUPPORT = NO;
				GCC_VERSION = "";
				GCC_WARN_ABOUT_RETURN_TYPE = YES;
				GCC_WARN_UNDECLARED_SELECTOR = YES;
				GCC_WARN_UNINITIALIZED_AUTOS = YES;
				GCC_WARN_UNUSED_FUNCTION = YES;
				GCC_WARN_UNUSED_VARIABLE = YES;
				SDKROOT = iphoneos;
				SKIP_INSTALL = NO;
			};
			name = Release;
		};
/* End XCBuildConfiguration section */

/* Begin XCConfigurationList section */
		1D6058960D05DD3E006BFB54 /* Build configuration list for PBXNativeTarget "NewsAge" */ = {
			isa = XCConfigurationList;
			buildConfigurations = (
				1D6058940D05DD3E006BFB54 /* Debug */,
				1D6058950D05DD3E006BFB54 /* Release */,
			);
			defaultConfigurationIsVisible = 0;
			defaultConfigurationName = Release;
		};
		C01FCF4E08A954540054247B /* Build configuration list for PBXProject "__NON-CLI__" */ = {
			isa = XCConfigurationList;
			buildConfigurations = (
				C01FCF4F08A954540054247B /* Debug */,
				C01FCF5008A954540054247B /* Release */,
			);
			defaultConfigurationIsVisible = 0;
			defaultConfigurationName = Release;
		};
/* End XCConfigurationList section */
	};
	rootObject = 29B97313FDCFA39411CA2CEA /* Project object */;
}
